// !$*UTF8*$!
{
	archiveVersion = 1;
	classes = {
	};
	objectVersion = 46;
	objects = {

/* Begin PBXBuildFile section */
		B023199B18BE9ABB00E2F03C /* A2_dly_dly.mp3 in Resources */ = {isa = PBXBuildFile; fileRef = B023198318BE9ABA00E2F03C /* A2_dly_dly.mp3 */; };
		B023199C18BE9ABB00E2F03C /* A3_dly_dly.mp3 in Resources */ = {isa = PBXBuildFile; fileRef = B023198418BE9ABA00E2F03C /* A3_dly_dly.mp3 */; };
		B023199D18BE9ABB00E2F03C /* A4_dly_dly.mp3 in Resources */ = {isa = PBXBuildFile; fileRef = B023198518BE9ABA00E2F03C /* A4_dly_dly.mp3 */; };
		B023199E18BE9ABB00E2F03C /* B2_dly_dly.mp3 in Resources */ = {isa = PBXBuildFile; fileRef = B023198618BE9ABA00E2F03C /* B2_dly_dly.mp3 */; };
		B023199F18BE9ABB00E2F03C /* B3_dly_dly.mp3 in Resources */ = {isa = PBXBuildFile; fileRef = B023198718BE9ABA00E2F03C /* B3_dly_dly.mp3 */; };
		B02319A018BE9ABB00E2F03C /* B4_dly_dly.mp3 in Resources */ = {isa = PBXBuildFile; fileRef = B023198818BE9ABA00E2F03C /* B4_dly_dly.mp3 */; };
		B02319A118BE9ABB00E2F03C /* C2_dly_dly.mp3 in Resources */ = {isa = PBXBuildFile; fileRef = B023198918BE9ABA00E2F03C /* C2_dly_dly.mp3 */; };
		B02319A218BE9ABB00E2F03C /* C3_dly_dly.mp3 in Resources */ = {isa = PBXBuildFile; fileRef = B023198A18BE9ABA00E2F03C /* C3_dly_dly.mp3 */; };
		B02319A318BE9ABB00E2F03C /* C4_dly_dly.mp3 in Resources */ = {isa = PBXBuildFile; fileRef = B023198B18BE9ABA00E2F03C /* C4_dly_dly.mp3 */; };
		B02319A418BE9ABB00E2F03C /* C5_dly_dly.mp3 in Resources */ = {isa = PBXBuildFile; fileRef = B023198C18BE9ABA00E2F03C /* C5_dly_dly.mp3 */; };
		B02319A518BE9ABB00E2F03C /* D2_dly_dly.mp3 in Resources */ = {isa = PBXBuildFile; fileRef = B023198D18BE9ABA00E2F03C /* D2_dly_dly.mp3 */; };
		B02319A618BE9ABB00E2F03C /* D3_dly_dly.mp3 in Resources */ = {isa = PBXBuildFile; fileRef = B023198E18BE9ABA00E2F03C /* D3_dly_dly.mp3 */; };
		B02319A718BE9ABB00E2F03C /* D4_dly_dly.mp3 in Resources */ = {isa = PBXBuildFile; fileRef = B023198F18BE9ABB00E2F03C /* D4_dly_dly.mp3 */; };
		B02319A818BE9ABB00E2F03C /* D5_dly_dly.mp3 in Resources */ = {isa = PBXBuildFile; fileRef = B023199018BE9ABB00E2F03C /* D5_dly_dly.mp3 */; };
		B02319A918BE9ABB00E2F03C /* E2_dly_dly.mp3 in Resources */ = {isa = PBXBuildFile; fileRef = B023199118BE9ABB00E2F03C /* E2_dly_dly.mp3 */; };
		B02319AA18BE9ABB00E2F03C /* E3_dly_dly.mp3 in Resources */ = {isa = PBXBuildFile; fileRef = B023199218BE9ABB00E2F03C /* E3_dly_dly.mp3 */; };
		B02319AB18BE9ABB00E2F03C /* E4_dly_dly.mp3 in Resources */ = {isa = PBXBuildFile; fileRef = B023199318BE9ABB00E2F03C /* E4_dly_dly.mp3 */; };
		B02319AC18BE9ABB00E2F03C /* E5_dly_dly.mp3 in Resources */ = {isa = PBXBuildFile; fileRef = B023199418BE9ABB00E2F03C /* E5_dly_dly.mp3 */; };
		B02319AD18BE9ABB00E2F03C /* F2_dly_dly.mp3 in Resources */ = {isa = PBXBuildFile; fileRef = B023199518BE9ABB00E2F03C /* F2_dly_dly.mp3 */; };
		B02319AE18BE9ABB00E2F03C /* F3_dly_dly.mp3 in Resources */ = {isa = PBXBuildFile; fileRef = B023199618BE9ABB00E2F03C /* F3_dly_dly.mp3 */; };
		B02319AF18BE9ABB00E2F03C /* F4_dly_dly.mp3 in Resources */ = {isa = PBXBuildFile; fileRef = B023199718BE9ABB00E2F03C /* F4_dly_dly.mp3 */; };
		B02319B018BE9ABB00E2F03C /* G2_dly_dly.mp3 in Resources */ = {isa = PBXBuildFile; fileRef = B023199818BE9ABB00E2F03C /* G2_dly_dly.mp3 */; };
		B02319B118BE9ABB00E2F03C /* G3_dly_dly.mp3 in Resources */ = {isa = PBXBuildFile; fileRef = B023199918BE9ABB00E2F03C /* G3_dly_dly.mp3 */; };
		B02319B218BE9ABB00E2F03C /* G4_dly_dly.mp3 in Resources */ = {isa = PBXBuildFile; fileRef = B023199A18BE9ABB00E2F03C /* G4_dly_dly.mp3 */; };
		B039E84518BFB06B00AFFB07 /* A5_dly_dly.mp3 in Resources */ = {isa = PBXBuildFile; fileRef = B039E83918BFB06B00AFFB07 /* A5_dly_dly.mp3 */; };
		B039E84618BFB06B00AFFB07 /* A6_dly_dly.mp3 in Resources */ = {isa = PBXBuildFile; fileRef = B039E83A18BFB06B00AFFB07 /* A6_dly_dly.mp3 */; };
		B039E84718BFB06B00AFFB07 /* B5_dly_dly.mp3 in Resources */ = {isa = PBXBuildFile; fileRef = B039E83B18BFB06B00AFFB07 /* B5_dly_dly.mp3 */; };
		B039E84818BFB06B00AFFB07 /* B6_dly_dly.mp3 in Resources */ = {isa = PBXBuildFile; fileRef = B039E83C18BFB06B00AFFB07 /* B6_dly_dly.mp3 */; };
		B039E84918BFB06B00AFFB07 /* C6_dly_dly.mp3 in Resources */ = {isa = PBXBuildFile; fileRef = B039E83D18BFB06B00AFFB07 /* C6_dly_dly.mp3 */; };
		B039E84A18BFB06B00AFFB07 /* C7_dly_dly.mp3 in Resources */ = {isa = PBXBuildFile; fileRef = B039E83E18BFB06B00AFFB07 /* C7_dly_dly.mp3 */; };
		B039E84B18BFB06B00AFFB07 /* D6_dly_dly.mp3 in Resources */ = {isa = PBXBuildFile; fileRef = B039E83F18BFB06B00AFFB07 /* D6_dly_dly.mp3 */; };
		B039E84C18BFB06B00AFFB07 /* E6_dly_dly.mp3 in Resources */ = {isa = PBXBuildFile; fileRef = B039E84018BFB06B00AFFB07 /* E6_dly_dly.mp3 */; };
		B039E84D18BFB06B00AFFB07 /* F5_dly_dly.mp3 in Resources */ = {isa = PBXBuildFile; fileRef = B039E84118BFB06B00AFFB07 /* F5_dly_dly.mp3 */; };
		B039E84E18BFB06B00AFFB07 /* F6_dly_dly.mp3 in Resources */ = {isa = PBXBuildFile; fileRef = B039E84218BFB06B00AFFB07 /* F6_dly_dly.mp3 */; };
		B039E84F18BFB06B00AFFB07 /* G5_dly_dly.mp3 in Resources */ = {isa = PBXBuildFile; fileRef = B039E84318BFB06B00AFFB07 /* G5_dly_dly.mp3 */; };
		B039E85018BFB06B00AFFB07 /* G6_dly_dly.mp3 in Resources */ = {isa = PBXBuildFile; fileRef = B039E84418BFB06B00AFFB07 /* G6_dly_dly.mp3 */; };
		B07CA28518BE5F5300304116 /* Foundation.framework in Frameworks */ = {isa = PBXBuildFile; fileRef = B07CA28418BE5F5300304116 /* Foundation.framework */; };
		B07CA28718BE5F5300304116 /* CoreGraphics.framework in Frameworks */ = {isa = PBXBuildFile; fileRef = B07CA28618BE5F5300304116 /* CoreGraphics.framework */; };
		B07CA28918BE5F5300304116 /* UIKit.framework in Frameworks */ = {isa = PBXBuildFile; fileRef = B07CA28818BE5F5300304116 /* UIKit.framework */; };
		B07CA28F18BE5F5300304116 /* InfoPlist.strings in Resources */ = {isa = PBXBuildFile; fileRef = B07CA28D18BE5F5300304116 /* InfoPlist.strings */; };
		B07CA29118BE5F5300304116 /* main.m in Sources */ = {isa = PBXBuildFile; fileRef = B07CA29018BE5F5300304116 /* main.m */; };
		B07CA29518BE5F5300304116 /* YSAppDelegate.m in Sources */ = {isa = PBXBuildFile; fileRef = B07CA29418BE5F5300304116 /* YSAppDelegate.m */; };
		B07CA29818BE5F5300304116 /* Main_iPhone.storyboard in Resources */ = {isa = PBXBuildFile; fileRef = B07CA29618BE5F5300304116 /* Main_iPhone.storyboard */; };
		B07CA29B18BE5F5300304116 /* Main_iPad.storyboard in Resources */ = {isa = PBXBuildFile; fileRef = B07CA29918BE5F5300304116 /* Main_iPad.storyboard */; };
		B07CA29E18BE5F5300304116 /* YSViewController.m in Sources */ = {isa = PBXBuildFile; fileRef = B07CA29D18BE5F5300304116 /* YSViewController.m */; };
		B07CA2A018BE5F5300304116 /* Images.xcassets in Resources */ = {isa = PBXBuildFile; fileRef = B07CA29F18BE5F5300304116 /* Images.xcassets */; };
		B07CA2A718BE5F5300304116 /* XCTest.framework in Frameworks */ = {isa = PBXBuildFile; fileRef = B07CA2A618BE5F5300304116 /* XCTest.framework */; };
		B07CA2A818BE5F5300304116 /* Foundation.framework in Frameworks */ = {isa = PBXBuildFile; fileRef = B07CA28418BE5F5300304116 /* Foundation.framework */; };
		B07CA2A918BE5F5300304116 /* UIKit.framework in Frameworks */ = {isa = PBXBuildFile; fileRef = B07CA28818BE5F5300304116 /* UIKit.framework */; };
		B07CA2B118BE5F5300304116 /* InfoPlist.strings in Resources */ = {isa = PBXBuildFile; fileRef = B07CA2AF18BE5F5300304116 /* InfoPlist.strings */; };
		B07CA2B318BE5F5300304116 /* YSAudioEngineTests.m in Sources */ = {isa = PBXBuildFile; fileRef = B07CA2B218BE5F5300304116 /* YSAudioEngineTests.m */; };
		B07CA2BE18BE5F7000304116 /* YSIotaSE.m in Sources */ = {isa = PBXBuildFile; fileRef = B07CA2BD18BE5F7000304116 /* YSIotaSE.m */; };
		B07CA2C018BE5F7C00304116 /* AVFoundation.framework in Frameworks */ = {isa = PBXBuildFile; fileRef = B07CA2BF18BE5F7C00304116 /* AVFoundation.framework */; };
/* End PBXBuildFile section */

/* Begin PBXContainerItemProxy section */
		B07CA2AA18BE5F5300304116 /* PBXContainerItemProxy */ = {
			isa = PBXContainerItemProxy;
			containerPortal = B07CA27918BE5F5300304116 /* Project object */;
			proxyType = 1;
			remoteGlobalIDString = B07CA28018BE5F5300304116;
			remoteInfo = YSAudioEngine;
		};
/* End PBXContainerItemProxy section */

/* Begin PBXFileReference section */
		B023198318BE9ABA00E2F03C /* A2_dly_dly.mp3 */ = {isa = PBXFileReference; lastKnownFileType = audio.mp3; path = A2_dly_dly.mp3; sourceTree = "<group>"; };
		B023198418BE9ABA00E2F03C /* A3_dly_dly.mp3 */ = {isa = PBXFileReference; lastKnownFileType = audio.mp3; path = A3_dly_dly.mp3; sourceTree = "<group>"; };
		B023198518BE9ABA00E2F03C /* A4_dly_dly.mp3 */ = {isa = PBXFileReference; lastKnownFileType = audio.mp3; path = A4_dly_dly.mp3; sourceTree = "<group>"; };
		B023198618BE9ABA00E2F03C /* B2_dly_dly.mp3 */ = {isa = PBXFileReference; lastKnownFileType = audio.mp3; path = B2_dly_dly.mp3; sourceTree = "<group>"; };
		B023198718BE9ABA00E2F03C /* B3_dly_dly.mp3 */ = {isa = PBXFileReference; lastKnownFileType = audio.mp3; path = B3_dly_dly.mp3; sourceTree = "<group>"; };
		B023198818BE9ABA00E2F03C /* B4_dly_dly.mp3 */ = {isa = PBXFileReference; lastKnownFileType = audio.mp3; path = B4_dly_dly.mp3; sourceTree = "<group>"; };
		B023198918BE9ABA00E2F03C /* C2_dly_dly.mp3 */ = {isa = PBXFileReference; lastKnownFileType = audio.mp3; path = C2_dly_dly.mp3; sourceTree = "<group>"; };
		B023198A18BE9ABA00E2F03C /* C3_dly_dly.mp3 */ = {isa = PBXFileReference; lastKnownFileType = audio.mp3; path = C3_dly_dly.mp3; sourceTree = "<group>"; };
		B023198B18BE9ABA00E2F03C /* C4_dly_dly.mp3 */ = {isa = PBXFileReference; lastKnownFileType = audio.mp3; path = C4_dly_dly.mp3; sourceTree = "<group>"; };
		B023198C18BE9ABA00E2F03C /* C5_dly_dly.mp3 */ = {isa = PBXFileReference; lastKnownFileType = audio.mp3; path = C5_dly_dly.mp3; sourceTree = "<group>"; };
		B023198D18BE9ABA00E2F03C /* D2_dly_dly.mp3 */ = {isa = PBXFileReference; lastKnownFileType = audio.mp3; path = D2_dly_dly.mp3; sourceTree = "<group>"; };
		B023198E18BE9ABA00E2F03C /* D3_dly_dly.mp3 */ = {isa = PBXFileReference; lastKnownFileType = audio.mp3; path = D3_dly_dly.mp3; sourceTree = "<group>"; };
		B023198F18BE9ABB00E2F03C /* D4_dly_dly.mp3 */ = {isa = PBXFileReference; lastKnownFileType = audio.mp3; path = D4_dly_dly.mp3; sourceTree = "<group>"; };
		B023199018BE9ABB00E2F03C /* D5_dly_dly.mp3 */ = {isa = PBXFileReference; lastKnownFileType = audio.mp3; path = D5_dly_dly.mp3; sourceTree = "<group>"; };
		B023199118BE9ABB00E2F03C /* E2_dly_dly.mp3 */ = {isa = PBXFileReference; lastKnownFileType = audio.mp3; path = E2_dly_dly.mp3; sourceTree = "<group>"; };
		B023199218BE9ABB00E2F03C /* E3_dly_dly.mp3 */ = {isa = PBXFileReference; lastKnownFileType = audio.mp3; path = E3_dly_dly.mp3; sourceTree = "<group>"; };
		B023199318BE9ABB00E2F03C /* E4_dly_dly.mp3 */ = {isa = PBXFileReference; lastKnownFileType = audio.mp3; path = E4_dly_dly.mp3; sourceTree = "<group>"; };
		B023199418BE9ABB00E2F03C /* E5_dly_dly.mp3 */ = {isa = PBXFileReference; lastKnownFileType = audio.mp3; path = E5_dly_dly.mp3; sourceTree = "<group>"; };
		B023199518BE9ABB00E2F03C /* F2_dly_dly.mp3 */ = {isa = PBXFileReference; lastKnownFileType = audio.mp3; path = F2_dly_dly.mp3; sourceTree = "<group>"; };
		B023199618BE9ABB00E2F03C /* F3_dly_dly.mp3 */ = {isa = PBXFileReference; lastKnownFileType = audio.mp3; path = F3_dly_dly.mp3; sourceTree = "<group>"; };
		B023199718BE9ABB00E2F03C /* F4_dly_dly.mp3 */ = {isa = PBXFileReference; lastKnownFileType = audio.mp3; path = F4_dly_dly.mp3; sourceTree = "<group>"; };
		B023199818BE9ABB00E2F03C /* G2_dly_dly.mp3 */ = {isa = PBXFileReference; lastKnownFileType = audio.mp3; path = G2_dly_dly.mp3; sourceTree = "<group>"; };
		B023199918BE9ABB00E2F03C /* G3_dly_dly.mp3 */ = {isa = PBXFileReference; lastKnownFileType = audio.mp3; path = G3_dly_dly.mp3; sourceTree = "<group>"; };
		B023199A18BE9ABB00E2F03C /* G4_dly_dly.mp3 */ = {isa = PBXFileReference; lastKnownFileType = audio.mp3; path = G4_dly_dly.mp3; sourceTree = "<group>"; };
		B039E83918BFB06B00AFFB07 /* A5_dly_dly.mp3 */ = {isa = PBXFileReference; lastKnownFileType = audio.mp3; path = A5_dly_dly.mp3; sourceTree = "<group>"; };
		B039E83A18BFB06B00AFFB07 /* A6_dly_dly.mp3 */ = {isa = PBXFileReference; lastKnownFileType = audio.mp3; path = A6_dly_dly.mp3; sourceTree = "<group>"; };
		B039E83B18BFB06B00AFFB07 /* B5_dly_dly.mp3 */ = {isa = PBXFileReference; lastKnownFileType = audio.mp3; path = B5_dly_dly.mp3; sourceTree = "<group>"; };
		B039E83C18BFB06B00AFFB07 /* B6_dly_dly.mp3 */ = {isa = PBXFileReference; lastKnownFileType = audio.mp3; path = B6_dly_dly.mp3; sourceTree = "<group>"; };
		B039E83D18BFB06B00AFFB07 /* C6_dly_dly.mp3 */ = {isa = PBXFileReference; lastKnownFileType = audio.mp3; path = C6_dly_dly.mp3; sourceTree = "<group>"; };
		B039E83E18BFB06B00AFFB07 /* C7_dly_dly.mp3 */ = {isa = PBXFileReference; lastKnownFileType = audio.mp3; path = C7_dly_dly.mp3; sourceTree = "<group>"; };
		B039E83F18BFB06B00AFFB07 /* D6_dly_dly.mp3 */ = {isa = PBXFileReference; lastKnownFileType = audio.mp3; path = D6_dly_dly.mp3; sourceTree = "<group>"; };
		B039E84018BFB06B00AFFB07 /* E6_dly_dly.mp3 */ = {isa = PBXFileReference; lastKnownFileType = audio.mp3; path = E6_dly_dly.mp3; sourceTree = "<group>"; };
		B039E84118BFB06B00AFFB07 /* F5_dly_dly.mp3 */ = {isa = PBXFileReference; lastKnownFileType = audio.mp3; path = F5_dly_dly.mp3; sourceTree = "<group>"; };
		B039E84218BFB06B00AFFB07 /* F6_dly_dly.mp3 */ = {isa = PBXFileReference; lastKnownFileType = audio.mp3; path = F6_dly_dly.mp3; sourceTree = "<group>"; };
		B039E84318BFB06B00AFFB07 /* G5_dly_dly.mp3 */ = {isa = PBXFileReference; lastKnownFileType = audio.mp3; path = G5_dly_dly.mp3; sourceTree = "<group>"; };
		B039E84418BFB06B00AFFB07 /* G6_dly_dly.mp3 */ = {isa = PBXFileReference; lastKnownFileType = audio.mp3; path = G6_dly_dly.mp3; sourceTree = "<group>"; };
		B07CA28118BE5F5300304116 /* YSAudioEngine.app */ = {isa = PBXFileReference; explicitFileType = wrapper.application; includeInIndex = 0; path = YSAudioEngine.app; sourceTree = BUILT_PRODUCTS_DIR; };
		B07CA28418BE5F5300304116 /* Foundation.framework */ = {isa = PBXFileReference; lastKnownFileType = wrapper.framework; name = Foundation.framework; path = System/Library/Frameworks/Foundation.framework; sourceTree = SDKROOT; };
		B07CA28618BE5F5300304116 /* CoreGraphics.framework */ = {isa = PBXFileReference; lastKnownFileType = wrapper.framework; name = CoreGraphics.framework; path = System/Library/Frameworks/CoreGraphics.framework; sourceTree = SDKROOT; };
		B07CA28818BE5F5300304116 /* UIKit.framework */ = {isa = PBXFileReference; lastKnownFileType = wrapper.framework; name = UIKit.framework; path = System/Library/Frameworks/UIKit.framework; sourceTree = SDKROOT; };
		B07CA28C18BE5F5300304116 /* YSAudioEngine-Info.plist */ = {isa = PBXFileReference; lastKnownFileType = text.plist.xml; path = "YSAudioEngine-Info.plist"; sourceTree = "<group>"; };
		B07CA28E18BE5F5300304116 /* en */ = {isa = PBXFileReference; lastKnownFileType = text.plist.strings; name = en; path = en.lproj/InfoPlist.strings; sourceTree = "<group>"; };
		B07CA29018BE5F5300304116 /* main.m */ = {isa = PBXFileReference; lastKnownFileType = sourcecode.c.objc; path = main.m; sourceTree = "<group>"; };
		B07CA29218BE5F5300304116 /* YSAudioEngine-Prefix.pch */ = {isa = PBXFileReference; lastKnownFileType = sourcecode.c.h; path = "YSAudioEngine-Prefix.pch"; sourceTree = "<group>"; };
		B07CA29318BE5F5300304116 /* YSAppDelegate.h */ = {isa = PBXFileReference; lastKnownFileType = sourcecode.c.h; path = YSAppDelegate.h; sourceTree = "<group>"; };
		B07CA29418BE5F5300304116 /* YSAppDelegate.m */ = {isa = PBXFileReference; lastKnownFileType = sourcecode.c.objc; path = YSAppDelegate.m; sourceTree = "<group>"; };
		B07CA29718BE5F5300304116 /* Base */ = {isa = PBXFileReference; lastKnownFileType = file.storyboard; name = Base; path = Base.lproj/Main_iPhone.storyboard; sourceTree = "<group>"; };
		B07CA29A18BE5F5300304116 /* Base */ = {isa = PBXFileReference; lastKnownFileType = file.storyboard; name = Base; path = Base.lproj/Main_iPad.storyboard; sourceTree = "<group>"; };
		B07CA29C18BE5F5300304116 /* YSViewController.h */ = {isa = PBXFileReference; lastKnownFileType = sourcecode.c.h; path = YSViewController.h; sourceTree = "<group>"; };
		B07CA29D18BE5F5300304116 /* YSViewController.m */ = {isa = PBXFileReference; lastKnownFileType = sourcecode.c.objc; path = YSViewController.m; sourceTree = "<group>"; };
		B07CA29F18BE5F5300304116 /* Images.xcassets */ = {isa = PBXFileReference; lastKnownFileType = folder.assetcatalog; path = Images.xcassets; sourceTree = "<group>"; };
		B07CA2A518BE5F5300304116 /* YSAudioEngineTests.xctest */ = {isa = PBXFileReference; explicitFileType = wrapper.cfbundle; includeInIndex = 0; path = YSAudioEngineTests.xctest; sourceTree = BUILT_PRODUCTS_DIR; };
		B07CA2A618BE5F5300304116 /* XCTest.framework */ = {isa = PBXFileReference; lastKnownFileType = wrapper.framework; name = XCTest.framework; path = Library/Frameworks/XCTest.framework; sourceTree = DEVELOPER_DIR; };
		B07CA2AE18BE5F5300304116 /* YSAudioEngineTests-Info.plist */ = {isa = PBXFileReference; lastKnownFileType = text.plist.xml; path = "YSAudioEngineTests-Info.plist"; sourceTree = "<group>"; };
		B07CA2B018BE5F5300304116 /* en */ = {isa = PBXFileReference; lastKnownFileType = text.plist.strings; name = en; path = en.lproj/InfoPlist.strings; sourceTree = "<group>"; };
		B07CA2B218BE5F5300304116 /* YSAudioEngineTests.m */ = {isa = PBXFileReference; lastKnownFileType = sourcecode.c.objc; path = YSAudioEngineTests.m; sourceTree = "<group>"; };
		B07CA2BC18BE5F7000304116 /* YSIotaSE.h */ = {isa = PBXFileReference; fileEncoding = 4; lastKnownFileType = sourcecode.c.h; name = YSIotaSE.h; path = ../YSIotaSE.h; sourceTree = "<group>"; };
		B07CA2BD18BE5F7000304116 /* YSIotaSE.m */ = {isa = PBXFileReference; fileEncoding = 4; lastKnownFileType = sourcecode.c.objc; name = YSIotaSE.m; path = ../YSIotaSE.m; sourceTree = "<group>"; };
		B07CA2BF18BE5F7C00304116 /* AVFoundation.framework */ = {isa = PBXFileReference; lastKnownFileType = wrapper.framework; name = AVFoundation.framework; path = System/Library/Frameworks/AVFoundation.framework; sourceTree = SDKROOT; };
/* End PBXFileReference section */

/* Begin PBXFrameworksBuildPhase section */
		B07CA27E18BE5F5300304116 /* Frameworks */ = {
			isa = PBXFrameworksBuildPhase;
			buildActionMask = 2147483647;
			files = (
				B07CA2C018BE5F7C00304116 /* AVFoundation.framework in Frameworks */,
				B07CA28718BE5F5300304116 /* CoreGraphics.framework in Frameworks */,
				B07CA28918BE5F5300304116 /* UIKit.framework in Frameworks */,
				B07CA28518BE5F5300304116 /* Foundation.framework in Frameworks */,
			);
			runOnlyForDeploymentPostprocessing = 0;
		};
		B07CA2A218BE5F5300304116 /* Frameworks */ = {
			isa = PBXFrameworksBuildPhase;
			buildActionMask = 2147483647;
			files = (
				B07CA2A718BE5F5300304116 /* XCTest.framework in Frameworks */,
				B07CA2A918BE5F5300304116 /* UIKit.framework in Frameworks */,
				B07CA2A818BE5F5300304116 /* Foundation.framework in Frameworks */,
			);
			runOnlyForDeploymentPostprocessing = 0;
		};
/* End PBXFrameworksBuildPhase section */

/* Begin PBXGroup section */
		B023198218BE9ABA00E2F03C /* IotaNotesDly */ = {
			isa = PBXGroup;
			children = (
				B039E83918BFB06B00AFFB07 /* A5_dly_dly.mp3 */,
				B039E83A18BFB06B00AFFB07 /* A6_dly_dly.mp3 */,
				B039E83B18BFB06B00AFFB07 /* B5_dly_dly.mp3 */,
				B039E83C18BFB06B00AFFB07 /* B6_dly_dly.mp3 */,
				B039E83D18BFB06B00AFFB07 /* C6_dly_dly.mp3 */,
				B039E83E18BFB06B00AFFB07 /* C7_dly_dly.mp3 */,
				B039E83F18BFB06B00AFFB07 /* D6_dly_dly.mp3 */,
				B039E84018BFB06B00AFFB07 /* E6_dly_dly.mp3 */,
				B039E84118BFB06B00AFFB07 /* F5_dly_dly.mp3 */,
				B039E84218BFB06B00AFFB07 /* F6_dly_dly.mp3 */,
				B039E84318BFB06B00AFFB07 /* G5_dly_dly.mp3 */,
				B039E84418BFB06B00AFFB07 /* G6_dly_dly.mp3 */,
				B023198318BE9ABA00E2F03C /* A2_dly_dly.mp3 */,
				B023198418BE9ABA00E2F03C /* A3_dly_dly.mp3 */,
				B023198518BE9ABA00E2F03C /* A4_dly_dly.mp3 */,
				B023198618BE9ABA00E2F03C /* B2_dly_dly.mp3 */,
				B023198718BE9ABA00E2F03C /* B3_dly_dly.mp3 */,
				B023198818BE9ABA00E2F03C /* B4_dly_dly.mp3 */,
				B023198918BE9ABA00E2F03C /* C2_dly_dly.mp3 */,
				B023198A18BE9ABA00E2F03C /* C3_dly_dly.mp3 */,
				B023198B18BE9ABA00E2F03C /* C4_dly_dly.mp3 */,
				B023198C18BE9ABA00E2F03C /* C5_dly_dly.mp3 */,
				B023198D18BE9ABA00E2F03C /* D2_dly_dly.mp3 */,
				B023198E18BE9ABA00E2F03C /* D3_dly_dly.mp3 */,
				B023198F18BE9ABB00E2F03C /* D4_dly_dly.mp3 */,
				B023199018BE9ABB00E2F03C /* D5_dly_dly.mp3 */,
				B023199118BE9ABB00E2F03C /* E2_dly_dly.mp3 */,
				B023199218BE9ABB00E2F03C /* E3_dly_dly.mp3 */,
				B023199318BE9ABB00E2F03C /* E4_dly_dly.mp3 */,
				B023199418BE9ABB00E2F03C /* E5_dly_dly.mp3 */,
				B023199518BE9ABB00E2F03C /* F2_dly_dly.mp3 */,
				B023199618BE9ABB00E2F03C /* F3_dly_dly.mp3 */,
				B023199718BE9ABB00E2F03C /* F4_dly_dly.mp3 */,
				B023199818BE9ABB00E2F03C /* G2_dly_dly.mp3 */,
				B023199918BE9ABB00E2F03C /* G3_dly_dly.mp3 */,
				B023199A18BE9ABB00E2F03C /* G4_dly_dly.mp3 */,
			);
			path = IotaNotesDly;
			sourceTree = "<group>";
		};
		B07CA27818BE5F5300304116 = {
			isa = PBXGroup;
			children = (
				B07CA28A18BE5F5300304116 /* YSAudioEngine */,
				B07CA2AC18BE5F5300304116 /* YSAudioEngineTests */,
				B07CA28318BE5F5300304116 /* Frameworks */,
				B07CA28218BE5F5300304116 /* Products */,
			);
			sourceTree = "<group>";
		};
		B07CA28218BE5F5300304116 /* Products */ = {
			isa = PBXGroup;
			children = (
				B07CA28118BE5F5300304116 /* YSAudioEngine.app */,
				B07CA2A518BE5F5300304116 /* YSAudioEngineTests.xctest */,
			);
			name = Products;
			sourceTree = "<group>";
		};
		B07CA28318BE5F5300304116 /* Frameworks */ = {
			isa = PBXGroup;
			children = (
				B07CA2BF18BE5F7C00304116 /* AVFoundation.framework */,
				B07CA28418BE5F5300304116 /* Foundation.framework */,
				B07CA28618BE5F5300304116 /* CoreGraphics.framework */,
				B07CA28818BE5F5300304116 /* UIKit.framework */,
				B07CA2A618BE5F5300304116 /* XCTest.framework */,
			);
			name = Frameworks;
			sourceTree = "<group>";
		};
		B07CA28A18BE5F5300304116 /* YSAudioEngine */ = {
			isa = PBXGroup;
			children = (
				B07CA2BC18BE5F7000304116 /* YSIotaSE.h */,
				B07CA2BD18BE5F7000304116 /* YSIotaSE.m */,
				B07CA29318BE5F5300304116 /* YSAppDelegate.h */,
				B07CA29418BE5F5300304116 /* YSAppDelegate.m */,
				B07CA29618BE5F5300304116 /* Main_iPhone.storyboard */,
				B07CA29918BE5F5300304116 /* Main_iPad.storyboard */,
				B07CA29C18BE5F5300304116 /* YSViewController.h */,
				B07CA29D18BE5F5300304116 /* YSViewController.m */,
				B07CA29F18BE5F5300304116 /* Images.xcassets */,
				B07CA28B18BE5F5300304116 /* Supporting Files */,
			);
			path = YSAudioEngine;
			sourceTree = "<group>";
		};
		B07CA28B18BE5F5300304116 /* Supporting Files */ = {
			isa = PBXGroup;
			children = (
				B023198218BE9ABA00E2F03C /* IotaNotesDly */,
				B07CA28C18BE5F5300304116 /* YSAudioEngine-Info.plist */,
				B07CA28D18BE5F5300304116 /* InfoPlist.strings */,
				B07CA29018BE5F5300304116 /* main.m */,
				B07CA29218BE5F5300304116 /* YSAudioEngine-Prefix.pch */,
			);
			name = "Supporting Files";
			sourceTree = "<group>";
		};
		B07CA2AC18BE5F5300304116 /* YSAudioEngineTests */ = {
			isa = PBXGroup;
			children = (
				B07CA2B218BE5F5300304116 /* YSAudioEngineTests.m */,
				B07CA2AD18BE5F5300304116 /* Supporting Files */,
			);
			path = YSAudioEngineTests;
			sourceTree = "<group>";
		};
		B07CA2AD18BE5F5300304116 /* Supporting Files */ = {
			isa = PBXGroup;
			children = (
				B07CA2AE18BE5F5300304116 /* YSAudioEngineTests-Info.plist */,
				B07CA2AF18BE5F5300304116 /* InfoPlist.strings */,
			);
			name = "Supporting Files";
			sourceTree = "<group>";
		};
/* End PBXGroup section */

/* Begin PBXNativeTarget section */
		B07CA28018BE5F5300304116 /* YSAudioEngine */ = {
			isa = PBXNativeTarget;
			buildConfigurationList = B07CA2B618BE5F5300304116 /* Build configuration list for PBXNativeTarget "YSAudioEngine" */;
			buildPhases = (
				B07CA27D18BE5F5300304116 /* Sources */,
				B07CA27E18BE5F5300304116 /* Frameworks */,
				B07CA27F18BE5F5300304116 /* Resources */,
			);
			buildRules = (
			);
			dependencies = (
			);
			name = YSAudioEngine;
			productName = YSAudioEngine;
			productReference = B07CA28118BE5F5300304116 /* YSAudioEngine.app */;
			productType = "com.apple.product-type.application";
		};
		B07CA2A418BE5F5300304116 /* YSAudioEngineTests */ = {
			isa = PBXNativeTarget;
			buildConfigurationList = B07CA2B918BE5F5300304116 /* Build configuration list for PBXNativeTarget "YSAudioEngineTests" */;
			buildPhases = (
				B07CA2A118BE5F5300304116 /* Sources */,
				B07CA2A218BE5F5300304116 /* Frameworks */,
				B07CA2A318BE5F5300304116 /* Resources */,
			);
			buildRules = (
			);
			dependencies = (
				B07CA2AB18BE5F5300304116 /* PBXTargetDependency */,
			);
			name = YSAudioEngineTests;
			productName = YSAudioEngineTests;
			productReference = B07CA2A518BE5F5300304116 /* YSAudioEngineTests.xctest */;
			productType = "com.apple.product-type.bundle.unit-test";
		};
/* End PBXNativeTarget section */

/* Begin PBXProject section */
		B07CA27918BE5F5300304116 /* Project object */ = {
			isa = PBXProject;
			attributes = {
				CLASSPREFIX = YS;
				LastUpgradeCheck = 0500;
				ORGANIZATIONNAME = "The 2 Handed Consortium";
				TargetAttributes = {
					B07CA2A418BE5F5300304116 = {
						TestTargetID = B07CA28018BE5F5300304116;
					};
				};
			};
			buildConfigurationList = B07CA27C18BE5F5300304116 /* Build configuration list for PBXProject "YSAudioEngine" */;
			compatibilityVersion = "Xcode 3.2";
			developmentRegion = English;
			hasScannedForEncodings = 0;
			knownRegions = (
				en,
				Base,
			);
			mainGroup = B07CA27818BE5F5300304116;
			productRefGroup = B07CA28218BE5F5300304116 /* Products */;
			projectDirPath = "";
			projectRoot = "";
			targets = (
				B07CA28018BE5F5300304116 /* YSAudioEngine */,
				B07CA2A418BE5F5300304116 /* YSAudioEngineTests */,
			);
		};
/* End PBXProject section */

/* Begin PBXResourcesBuildPhase section */
		B07CA27F18BE5F5300304116 /* Resources */ = {
			isa = PBXResourcesBuildPhase;
			buildActionMask = 2147483647;
			files = (
				B023199E18BE9ABB00E2F03C /* B2_dly_dly.mp3 in Resources */,
				B07CA29B18BE5F5300304116 /* Main_iPad.storyboard in Resources */,
				B02319A018BE9ABB00E2F03C /* B4_dly_dly.mp3 in Resources */,
				B02319B018BE9ABB00E2F03C /* G2_dly_dly.mp3 in Resources */,
				B02319A618BE9ABB00E2F03C /* D3_dly_dly.mp3 in Resources */,
				B02319A318BE9ABB00E2F03C /* C4_dly_dly.mp3 in Resources */,
				B039E84B18BFB06B00AFFB07 /* D6_dly_dly.mp3 in Resources */,
				B07CA2A018BE5F5300304116 /* Images.xcassets in Resources */,
				B039E84618BFB06B00AFFB07 /* A6_dly_dly.mp3 in Resources */,
				B02319AF18BE9ABB00E2F03C /* F4_dly_dly.mp3 in Resources */,
				B039E84E18BFB06B00AFFB07 /* F6_dly_dly.mp3 in Resources */,
				B039E84918BFB06B00AFFB07 /* C6_dly_dly.mp3 in Resources */,
				B02319AC18BE9ABB00E2F03C /* E5_dly_dly.mp3 in Resources */,
				B023199C18BE9ABB00E2F03C /* A3_dly_dly.mp3 in Resources */,
				B02319A418BE9ABB00E2F03C /* C5_dly_dly.mp3 in Resources */,
				B02319A118BE9ABB00E2F03C /* C2_dly_dly.mp3 in Resources */,
				B07CA29818BE5F5300304116 /* Main_iPhone.storyboard in Resources */,
				B02319AD18BE9ABB00E2F03C /* F2_dly_dly.mp3 in Resources */,
				B02319A718BE9ABB00E2F03C /* D4_dly_dly.mp3 in Resources */,
				B02319B118BE9ABB00E2F03C /* G3_dly_dly.mp3 in Resources */,
				B02319A818BE9ABB00E2F03C /* D5_dly_dly.mp3 in Resources */,
				B02319AA18BE9ABB00E2F03C /* E3_dly_dly.mp3 in Resources */,
				B039E84A18BFB06B00AFFB07 /* C7_dly_dly.mp3 in Resources */,
				B039E84D18BFB06B00AFFB07 /* F5_dly_dly.mp3 in Resources */,
				B023199F18BE9ABB00E2F03C /* B3_dly_dly.mp3 in Resources */,
				B039E85018BFB06B00AFFB07 /* G6_dly_dly.mp3 in Resources */,
				B039E84C18BFB06B00AFFB07 /* E6_dly_dly.mp3 in Resources */,
				B039E84818BFB06B00AFFB07 /* B6_dly_dly.mp3 in Resources */,
				B023199B18BE9ABB00E2F03C /* A2_dly_dly.mp3 in Resources */,
				B039E84F18BFB06B00AFFB07 /* G5_dly_dly.mp3 in Resources */,
				B039E84718BFB06B00AFFB07 /* B5_dly_dly.mp3 in Resources */,
				B07CA28F18BE5F5300304116 /* InfoPlist.strings in Resources */,
				B02319AB18BE9ABB00E2F03C /* E4_dly_dly.mp3 in Resources */,
				B02319A918BE9ABB00E2F03C /* E2_dly_dly.mp3 in Resources */,
				B039E84518BFB06B00AFFB07 /* A5_dly_dly.mp3 in Resources */,
				B02319B218BE9ABB00E2F03C /* G4_dly_dly.mp3 in Resources */,
				B02319A218BE9ABB00E2F03C /* C3_dly_dly.mp3 in Resources */,
				B02319AE18BE9ABB00E2F03C /* F3_dly_dly.mp3 in Resources */,
				B02319A518BE9ABB00E2F03C /* D2_dly_dly.mp3 in Resources */,
				B023199D18BE9ABB00E2F03C /* A4_dly_dly.mp3 in Resources */,
			);
			runOnlyForDeploymentPostprocessing = 0;
		};
		B07CA2A318BE5F5300304116 /* Resources */ = {
			isa = PBXResourcesBuildPhase;
			buildActionMask = 2147483647;
			files = (
				B07CA2B118BE5F5300304116 /* InfoPlist.strings in Resources */,
			);
			runOnlyForDeploymentPostprocessing = 0;
		};
/* End PBXResourcesBuildPhase section */

/* Begin PBXSourcesBuildPhase section */
		B07CA27D18BE5F5300304116 /* Sources */ = {
			isa = PBXSourcesBuildPhase;
			buildActionMask = 2147483647;
			files = (
				B07CA2BE18BE5F7000304116 /* YSIotaSE.m in Sources */,
				B07CA29E18BE5F5300304116 /* YSViewController.m in Sources */,
				B07CA29518BE5F5300304116 /* YSAppDelegate.m in Sources */,
				B07CA29118BE5F5300304116 /* main.m in Sources */,
			);
			runOnlyForDeploymentPostprocessing = 0;
		};
		B07CA2A118BE5F5300304116 /* Sources */ = {
			isa = PBXSourcesBuildPhase;
			buildActionMask = 2147483647;
			files = (
				B07CA2B318BE5F5300304116 /* YSAudioEngineTests.m in Sources */,
			);
			runOnlyForDeploymentPostprocessing = 0;
		};
/* End PBXSourcesBuildPhase section */

/* Begin PBXTargetDependency section */
		B07CA2AB18BE5F5300304116 /* PBXTargetDependency */ = {
			isa = PBXTargetDependency;
			target = B07CA28018BE5F5300304116 /* YSAudioEngine */;
			targetProxy = B07CA2AA18BE5F5300304116 /* PBXContainerItemProxy */;
		};
/* End PBXTargetDependency section */

/* Begin PBXVariantGroup section */
		B07CA28D18BE5F5300304116 /* InfoPlist.strings */ = {
			isa = PBXVariantGroup;
			children = (
				B07CA28E18BE5F5300304116 /* en */,
			);
			name = InfoPlist.strings;
			sourceTree = "<group>";
		};
		B07CA29618BE5F5300304116 /* Main_iPhone.storyboard */ = {
			isa = PBXVariantGroup;
			children = (
				B07CA29718BE5F5300304116 /* Base */,
			);
			name = Main_iPhone.storyboard;
			sourceTree = "<group>";
		};
		B07CA29918BE5F5300304116 /* Main_iPad.storyboard */ = {
			isa = PBXVariantGroup;
			children = (
				B07CA29A18BE5F5300304116 /* Base */,
			);
			name = Main_iPad.storyboard;
			sourceTree = "<group>";
		};
		B07CA2AF18BE5F5300304116 /* InfoPlist.strings */ = {
			isa = PBXVariantGroup;
			children = (
				B07CA2B018BE5F5300304116 /* en */,
			);
			name = InfoPlist.strings;
			sourceTree = "<group>";
		};
/* End PBXVariantGroup section */

/* Begin XCBuildConfiguration section */
		B07CA2B418BE5F5300304116 /* Debug */ = {
			isa = XCBuildConfiguration;
			buildSettings = {
				ALWAYS_SEARCH_USER_PATHS = NO;
				ARCHS = "$(ARCHS_STANDARD_INCLUDING_64_BIT)";
				CLANG_CXX_LANGUAGE_STANDARD = "gnu++0x";
				CLANG_CXX_LIBRARY = "libc++";
				CLANG_ENABLE_MODULES = YES;
				CLANG_ENABLE_OBJC_ARC = YES;
				CLANG_WARN_BOOL_CONVERSION = YES;
				CLANG_WARN_CONSTANT_CONVERSION = YES;
				CLANG_WARN_DIRECT_OBJC_ISA_USAGE = YES_ERROR;
				CLANG_WARN_EMPTY_BODY = YES;
				CLANG_WARN_ENUM_CONVERSION = YES;
				CLANG_WARN_INT_CONVERSION = YES;
				CLANG_WARN_OBJC_ROOT_CLASS = YES_ERROR;
				CLANG_WARN__DUPLICATE_METHOD_MATCH = YES;
				"CODE_SIGN_IDENTITY[sdk=iphoneos*]" = "iPhone Developer";
				COPY_PHASE_STRIP = NO;
				GCC_C_LANGUAGE_STANDARD = gnu99;
				GCC_DYNAMIC_NO_PIC = NO;
				GCC_OPTIMIZATION_LEVEL = 0;
				GCC_PREPROCESSOR_DEFINITIONS = (
					"DEBUG=1",
					"$(inherited)",
				);
				GCC_SYMBOLS_PRIVATE_EXTERN = NO;
				GCC_WARN_64_TO_32_BIT_CONVERSION = YES;
				GCC_WARN_ABOUT_RETURN_TYPE = YES_ERROR;
				GCC_WARN_UNDECLARED_SELECTOR = YES;
				GCC_WARN_UNINITIALIZED_AUTOS = YES;
				GCC_WARN_UNUSED_FUNCTION = YES;
				GCC_WARN_UNUSED_VARIABLE = YES;
				IPHONEOS_DEPLOYMENT_TARGET = 7.0;
				ONLY_ACTIVE_ARCH = YES;
				SDKROOT = iphoneos;
				TARGETED_DEVICE_FAMILY = "1,2";
			};
			name = Debug;
		};
		B07CA2B518BE5F5300304116 /* Release */ = {
			isa = XCBuildConfiguration;
			buildSettings = {
				ALWAYS_SEARCH_USER_PATHS = NO;
				ARCHS = "$(ARCHS_STANDARD_INCLUDING_64_BIT)";
				CLANG_CXX_LANGUAGE_STANDARD = "gnu++0x";
				CLANG_CXX_LIBRARY = "libc++";
				CLANG_ENABLE_MODULES = YES;
				CLANG_ENABLE_OBJC_ARC = YES;
				CLANG_WARN_BOOL_CONVERSION = YES;
				CLANG_WARN_CONSTANT_CONVERSION = YES;
				CLANG_WARN_DIRECT_OBJC_ISA_USAGE = YES_ERROR;
				CLANG_WARN_EMPTY_BODY = YES;
				CLANG_WARN_ENUM_CONVERSION = YES;
				CLANG_WARN_INT_CONVERSION = YES;
				CLANG_WARN_OBJC_ROOT_CLASS = YES_ERROR;
				CLANG_WARN__DUPLICATE_METHOD_MATCH = YES;
				"CODE_SIGN_IDENTITY[sdk=iphoneos*]" = "iPhone Developer";
				COPY_PHASE_STRIP = YES;
				ENABLE_NS_ASSERTIONS = NO;
				GCC_C_LANGUAGE_STANDARD = gnu99;
				GCC_WARN_64_TO_32_BIT_CONVERSION = YES;
				GCC_WARN_ABOUT_RETURN_TYPE = YES_ERROR;
				GCC_WARN_UNDECLARED_SELECTOR = YES;
				GCC_WARN_UNINITIALIZED_AUTOS = YES;
				GCC_WARN_UNUSED_FUNCTION = YES;
				GCC_WARN_UNUSED_VARIABLE = YES;
				IPHONEOS_DEPLOYMENT_TARGET = 7.0;
				SDKROOT = iphoneos;
				TARGETED_DEVICE_FAMILY = "1,2";
				VALIDATE_PRODUCT = YES;
			};
			name = Release;
		};
		B07CA2B718BE5F5300304116 /* Debug */ = {
			isa = XCBuildConfiguration;
			buildSettings = {
				ASSETCATALOG_COMPILER_APPICON_NAME = AppIcon;
				ASSETCATALOG_COMPILER_LAUNCHIMAGE_NAME = LaunchImage;
				GCC_PRECOMPILE_PREFIX_HEADER = YES;
				GCC_PREFIX_HEADER = "YSAudioEngine/YSAudioEngine-Prefix.pch";
				INFOPLIST_FILE = "YSAudioEngine/YSAudioEngine-Info.plist";
				PRODUCT_NAME = "$(TARGET_NAME)";
				WRAPPER_EXTENSION = app;
			};
			name = Debug;
		};
		B07CA2B818BE5F5300304116 /* Release */ = {
			isa = XCBuildConfiguration;
			buildSettings = {
				ASSETCATALOG_COMPILER_APPICON_NAME = AppIcon;
				ASSETCATALOG_COMPILER_LAUNCHIMAGE_NAME = LaunchImage;
				GCC_PRECOMPILE_PREFIX_HEADER = YES;
				GCC_PREFIX_HEADER = "YSAudioEngine/YSAudioEngine-Prefix.pch";
				INFOPLIST_FILE = "YSAudioEngine/YSAudioEngine-Info.plist";
				PRODUCT_NAME = "$(TARGET_NAME)";
				WRAPPER_EXTENSION = app;
			};
			name = Release;
		};
		B07CA2BA18BE5F5300304116 /* Debug */ = {
			isa = XCBuildConfiguration;
			buildSettings = {
				ARCHS = "$(ARCHS_STANDARD_INCLUDING_64_BIT)";
				BUNDLE_LOADER = "$(BUILT_PRODUCTS_DIR)/YSAudioEngine.app/YSAudioEngine";
				FRAMEWORK_SEARCH_PATHS = (
					"$(SDKROOT)/Developer/Library/Frameworks",
					"$(inherited)",
					"$(DEVELOPER_FRAMEWORKS_DIR)",
				);
				GCC_PRECOMPILE_PREFIX_HEADER = YES;
				GCC_PREFIX_HEADER = "YSAudioEngine/YSAudioEngine-Prefix.pch";
				GCC_PREPROCESSOR_DEFINITIONS = (
					"DEBUG=1",
					"$(inherited)",
				);
				INFOPLIST_FILE = "YSAudioEngineTests/YSAudioEngineTests-Info.plist";
				PRODUCT_NAME = "$(TARGET_NAME)";
				TEST_HOST = "$(BUNDLE_LOADER)";
				WRAPPER_EXTENSION = xctest;
			};
			name = Debug;
		};
		B07CA2BB18BE5F5300304116 /* Release */ = {
			isa = XCBuildConfiguration;
			buildSettings = {
				ARCHS = "$(ARCHS_STANDARD_INCLUDING_64_BIT)";
				BUNDLE_LOADER = "$(BUILT_PRODUCTS_DIR)/YSAudioEngine.app/YSAudioEngine";
				FRAMEWORK_SEARCH_PATHS = (
					"$(SDKROOT)/Developer/Library/Frameworks",
					"$(inherited)",
					"$(DEVELOPER_FRAMEWORKS_DIR)",
				);
				GCC_PRECOMPILE_PREFIX_HEADER = YES;
				GCC_PREFIX_HEADER = "YSAudioEngine/YSAudioEngine-Prefix.pch";
				INFOPLIST_FILE = "YSAudioEngineTests/YSAudioEngineTests-Info.plist";
				PRODUCT_NAME = "$(TARGET_NAME)";
				TEST_HOST = "$(BUNDLE_LOADER)";
				WRAPPER_EXTENSION = xctest;
			};
			name = Release;
		};
/* End XCBuildConfiguration section */

/* Begin XCConfigurationList section */
		B07CA27C18BE5F5300304116 /* Build configuration list for PBXProject "YSAudioEngine" */ = {
			isa = XCConfigurationList;
			buildConfigurations = (
				B07CA2B418BE5F5300304116 /* Debug */,
				B07CA2B518BE5F5300304116 /* Release */,
			);
			defaultConfigurationIsVisible = 0;
			defaultConfigurationName = Release;
		};
		B07CA2B618BE5F5300304116 /* Build configuration list for PBXNativeTarget "YSAudioEngine" */ = {
			isa = XCConfigurationList;
			buildConfigurations = (
				B07CA2B718BE5F5300304116 /* Debug */,
				B07CA2B818BE5F5300304116 /* Release */,
			);
			defaultConfigurationIsVisible = 0;
			defaultConfigurationName = Release;
		};
		B07CA2B918BE5F5300304116 /* Build configuration list for PBXNativeTarget "YSAudioEngineTests" */ = {
			isa = XCConfigurationList;
			buildConfigurations = (
				B07CA2BA18BE5F5300304116 /* Debug */,
				B07CA2BB18BE5F5300304116 /* Release */,
			);
			defaultConfigurationIsVisible = 0;
			defaultConfigurationName = Release;
		};
/* End XCConfigurationList section */
	};
	rootObject = B07CA27918BE5F5300304116 /* Project object */;
}
