// !$*UTF8*$!
{
	archiveVersion = 1;
	classes = {
	};
	objectVersion = 46;
	objects = {

/* Begin PBXBuildFile section */
		B0525CCA18C04AA700FE292B /* StartGame_.mp3 in Resources */ = {isa = PBXBuildFile; fileRef = B0525CC918C04AA700FE292B /* StartGame_.mp3 */; };
		B07CA28518BE5F5300304116 /* Foundation.framework in Frameworks */ = {isa = PBXBuildFile; fileRef = B07CA28418BE5F5300304116 /* Foundation.framework */; };
		B07CA28718BE5F5300304116 /* CoreGraphics.framework in Frameworks */ = {isa = PBXBuildFile; fileRef = B07CA28618BE5F5300304116 /* CoreGraphics.framework */; };
		B07CA28918BE5F5300304116 /* UIKit.framework in Frameworks */ = {isa = PBXBuildFile; fileRef = B07CA28818BE5F5300304116 /* UIKit.framework */; };
		B07CA28F18BE5F5300304116 /* InfoPlist.strings in Resources */ = {isa = PBXBuildFile; fileRef = B07CA28D18BE5F5300304116 /* InfoPlist.strings */; };
		B07CA29118BE5F5300304116 /* main.m in Sources */ = {isa = PBXBuildFile; fileRef = B07CA29018BE5F5300304116 /* main.m */; };
		B07CA29518BE5F5300304116 /* YSAppDelegate.m in Sources */ = {isa = PBXBuildFile; fileRef = B07CA29418BE5F5300304116 /* YSAppDelegate.m */; };
		B07CA29818BE5F5300304116 /* Main_iPhone.storyboard in Resources */ = {isa = PBXBuildFile; fileRef = B07CA29618BE5F5300304116 /* Main_iPhone.storyboard */; };
		B07CA29B18BE5F5300304116 /* Main_iPad.storyboard in Resources */ = {isa = PBXBuildFile; fileRef = B07CA29918BE5F5300304116 /* Main_iPad.storyboard */; };
		B07CA29E18BE5F5300304116 /* YSViewController.m in Sources */ = {isa = PBXBuildFile; fileRef = B07CA29D18BE5F5300304116 /* YSViewController.m */; };
		B07CA2A018BE5F5300304116 /* Images.xcassets in Resources */ = {isa = PBXBuildFile; fileRef = B07CA29F18BE5F5300304116 /* Images.xcassets */; };
		B07CA2A718BE5F5300304116 /* XCTest.framework in Frameworks */ = {isa = PBXBuildFile; fileRef = B07CA2A618BE5F5300304116 /* XCTest.framework */; };
		B07CA2A818BE5F5300304116 /* Foundation.framework in Frameworks */ = {isa = PBXBuildFile; fileRef = B07CA28418BE5F5300304116 /* Foundation.framework */; };
		B07CA2A918BE5F5300304116 /* UIKit.framework in Frameworks */ = {isa = PBXBuildFile; fileRef = B07CA28818BE5F5300304116 /* UIKit.framework */; };
		B07CA2B118BE5F5300304116 /* InfoPlist.strings in Resources */ = {isa = PBXBuildFile; fileRef = B07CA2AF18BE5F5300304116 /* InfoPlist.strings */; };
		B07CA2B318BE5F5300304116 /* YSAudioEngineTests.m in Sources */ = {isa = PBXBuildFile; fileRef = B07CA2B218BE5F5300304116 /* YSAudioEngineTests.m */; };
		B07CA2BE18BE5F7000304116 /* YSIotaSE.m in Sources */ = {isa = PBXBuildFile; fileRef = B07CA2BD18BE5F7000304116 /* YSIotaSE.m */; };
		B07CA2C018BE5F7C00304116 /* AVFoundation.framework in Frameworks */ = {isa = PBXBuildFile; fileRef = B07CA2BF18BE5F7C00304116 /* AVFoundation.framework */; };
		B099E77A18C0158E002E5F82 /* 100Points__dly.mp3 in Resources */ = {isa = PBXBuildFile; fileRef = B099E77518C0158E002E5F82 /* 100Points__dly.mp3 */; };
		B099E77B18C0158E002E5F82 /* 25Points__dly.mp3 in Resources */ = {isa = PBXBuildFile; fileRef = B099E77618C0158E002E5F82 /* 25Points__dly.mp3 */; };
		B099E77C18C0158E002E5F82 /* 50Points__dly.mp3 in Resources */ = {isa = PBXBuildFile; fileRef = B099E77718C0158E002E5F82 /* 50Points__dly.mp3 */; };
		B099E77D18C0158E002E5F82 /* 5Points__dly.mp3 in Resources */ = {isa = PBXBuildFile; fileRef = B099E77818C0158E002E5F82 /* 5Points__dly.mp3 */; };
		B099E77E18C0158E002E5F82 /* PowerUp_dly.mp3 in Resources */ = {isa = PBXBuildFile; fileRef = B099E77918C0158E002E5F82 /* PowerUp_dly.mp3 */; };
		B099E78018C01660002E5F82 /* Loose_.mp3 in Resources */ = {isa = PBXBuildFile; fileRef = B099E77F18C01660002E5F82 /* Loose_.mp3 */; };
		B09DEFDA18BFC83A00AA1901 /* A2_dly.mp3 in Resources */ = {isa = PBXBuildFile; fileRef = B09DEFB618BFC83A00AA1901 /* A2_dly.mp3 */; };
		B09DEFDB18BFC83A00AA1901 /* A3_dly.mp3 in Resources */ = {isa = PBXBuildFile; fileRef = B09DEFB718BFC83A00AA1901 /* A3_dly.mp3 */; };
		B09DEFDC18BFC83A00AA1901 /* A4_dly.mp3 in Resources */ = {isa = PBXBuildFile; fileRef = B09DEFB818BFC83A00AA1901 /* A4_dly.mp3 */; };
		B09DEFDD18BFC83A00AA1901 /* A5_dly.mp3 in Resources */ = {isa = PBXBuildFile; fileRef = B09DEFB918BFC83A00AA1901 /* A5_dly.mp3 */; };
		B09DEFDE18BFC83A00AA1901 /* A6_dly.mp3 in Resources */ = {isa = PBXBuildFile; fileRef = B09DEFBA18BFC83A00AA1901 /* A6_dly.mp3 */; };
		B09DEFDF18BFC83A00AA1901 /* B2_dly.mp3 in Resources */ = {isa = PBXBuildFile; fileRef = B09DEFBB18BFC83A00AA1901 /* B2_dly.mp3 */; };
		B09DEFE018BFC83A00AA1901 /* B3_dly.mp3 in Resources */ = {isa = PBXBuildFile; fileRef = B09DEFBC18BFC83A00AA1901 /* B3_dly.mp3 */; };
		B09DEFE118BFC83A00AA1901 /* B4_dly.mp3 in Resources */ = {isa = PBXBuildFile; fileRef = B09DEFBD18BFC83A00AA1901 /* B4_dly.mp3 */; };
		B09DEFE218BFC83A00AA1901 /* B5_dly.mp3 in Resources */ = {isa = PBXBuildFile; fileRef = B09DEFBE18BFC83A00AA1901 /* B5_dly.mp3 */; };
		B09DEFE318BFC83A00AA1901 /* B6_dly.mp3 in Resources */ = {isa = PBXBuildFile; fileRef = B09DEFBF18BFC83A00AA1901 /* B6_dly.mp3 */; };
		B09DEFE418BFC83A00AA1901 /* C2_dly.mp3 in Resources */ = {isa = PBXBuildFile; fileRef = B09DEFC018BFC83A00AA1901 /* C2_dly.mp3 */; };
		B09DEFE518BFC83A00AA1901 /* C3_dly.mp3 in Resources */ = {isa = PBXBuildFile; fileRef = B09DEFC118BFC83A00AA1901 /* C3_dly.mp3 */; };
		B09DEFE618BFC83A00AA1901 /* C4_dly.mp3 in Resources */ = {isa = PBXBuildFile; fileRef = B09DEFC218BFC83A00AA1901 /* C4_dly.mp3 */; };
		B09DEFE718BFC83A00AA1901 /* C5_dly.mp3 in Resources */ = {isa = PBXBuildFile; fileRef = B09DEFC318BFC83A00AA1901 /* C5_dly.mp3 */; };
		B09DEFE818BFC83A00AA1901 /* C6_dly.mp3 in Resources */ = {isa = PBXBuildFile; fileRef = B09DEFC418BFC83A00AA1901 /* C6_dly.mp3 */; };
		B09DEFE918BFC83A00AA1901 /* C7_dly.mp3 in Resources */ = {isa = PBXBuildFile; fileRef = B09DEFC518BFC83A00AA1901 /* C7_dly.mp3 */; };
		B09DEFEA18BFC83A00AA1901 /* D2_dly.mp3 in Resources */ = {isa = PBXBuildFile; fileRef = B09DEFC618BFC83A00AA1901 /* D2_dly.mp3 */; };
		B09DEFEB18BFC83A00AA1901 /* D3_dly.mp3 in Resources */ = {isa = PBXBuildFile; fileRef = B09DEFC718BFC83A00AA1901 /* D3_dly.mp3 */; };
		B09DEFEC18BFC83A00AA1901 /* D4_dly.mp3 in Resources */ = {isa = PBXBuildFile; fileRef = B09DEFC818BFC83A00AA1901 /* D4_dly.mp3 */; };
		B09DEFED18BFC83A00AA1901 /* D5_dly.mp3 in Resources */ = {isa = PBXBuildFile; fileRef = B09DEFC918BFC83A00AA1901 /* D5_dly.mp3 */; };
		B09DEFEE18BFC83A00AA1901 /* D6_dly.mp3 in Resources */ = {isa = PBXBuildFile; fileRef = B09DEFCA18BFC83A00AA1901 /* D6_dly.mp3 */; };
		B09DEFEF18BFC83A00AA1901 /* E2_dly.mp3 in Resources */ = {isa = PBXBuildFile; fileRef = B09DEFCB18BFC83A00AA1901 /* E2_dly.mp3 */; };
		B09DEFF018BFC83A00AA1901 /* E3_dly.mp3 in Resources */ = {isa = PBXBuildFile; fileRef = B09DEFCC18BFC83A00AA1901 /* E3_dly.mp3 */; };
		B09DEFF118BFC83A00AA1901 /* E4_dly.mp3 in Resources */ = {isa = PBXBuildFile; fileRef = B09DEFCD18BFC83A00AA1901 /* E4_dly.mp3 */; };
		B09DEFF218BFC83A00AA1901 /* E5_dly.mp3 in Resources */ = {isa = PBXBuildFile; fileRef = B09DEFCE18BFC83A00AA1901 /* E5_dly.mp3 */; };
		B09DEFF318BFC83A00AA1901 /* E6_dly.mp3 in Resources */ = {isa = PBXBuildFile; fileRef = B09DEFCF18BFC83A00AA1901 /* E6_dly.mp3 */; };
		B09DEFF418BFC83A00AA1901 /* F2_dly.mp3 in Resources */ = {isa = PBXBuildFile; fileRef = B09DEFD018BFC83A00AA1901 /* F2_dly.mp3 */; };
		B09DEFF518BFC83A00AA1901 /* F3_dly.mp3 in Resources */ = {isa = PBXBuildFile; fileRef = B09DEFD118BFC83A00AA1901 /* F3_dly.mp3 */; };
		B09DEFF618BFC83A00AA1901 /* F4_dly.mp3 in Resources */ = {isa = PBXBuildFile; fileRef = B09DEFD218BFC83A00AA1901 /* F4_dly.mp3 */; };
		B09DEFF718BFC83A00AA1901 /* F5_dly.mp3 in Resources */ = {isa = PBXBuildFile; fileRef = B09DEFD318BFC83A00AA1901 /* F5_dly.mp3 */; };
		B09DEFF818BFC83A00AA1901 /* F6_dly.mp3 in Resources */ = {isa = PBXBuildFile; fileRef = B09DEFD418BFC83A00AA1901 /* F6_dly.mp3 */; };
		B09DEFF918BFC83A00AA1901 /* G2_dly.mp3 in Resources */ = {isa = PBXBuildFile; fileRef = B09DEFD518BFC83A00AA1901 /* G2_dly.mp3 */; };
		B09DEFFA18BFC83A00AA1901 /* G3_dly.mp3 in Resources */ = {isa = PBXBuildFile; fileRef = B09DEFD618BFC83A00AA1901 /* G3_dly.mp3 */; };
		B09DEFFB18BFC83A00AA1901 /* G4_dly.mp3 in Resources */ = {isa = PBXBuildFile; fileRef = B09DEFD718BFC83A00AA1901 /* G4_dly.mp3 */; };
		B09DEFFC18BFC83A00AA1901 /* G5_dly.mp3 in Resources */ = {isa = PBXBuildFile; fileRef = B09DEFD818BFC83A00AA1901 /* G5_dly.mp3 */; };
		B09DEFFD18BFC83A00AA1901 /* G6_dly.mp3 in Resources */ = {isa = PBXBuildFile; fileRef = B09DEFD918BFC83A00AA1901 /* G6_dly.mp3 */; };
/* End PBXBuildFile section */

/* Begin PBXContainerItemProxy section */
		B07CA2AA18BE5F5300304116 /* PBXContainerItemProxy */ = {
			isa = PBXContainerItemProxy;
			containerPortal = B07CA27918BE5F5300304116 /* Project object */;
			proxyType = 1;
			remoteGlobalIDString = B07CA28018BE5F5300304116;
			remoteInfo = YSAudioEngine;
		};
/* End PBXContainerItemProxy section */

/* Begin PBXFileReference section */
		B0525CC918C04AA700FE292B /* StartGame_.mp3 */ = {isa = PBXFileReference; lastKnownFileType = audio.mp3; path = StartGame_.mp3; sourceTree = "<group>"; };
		B07CA28118BE5F5300304116 /* YSAudioEngine.app */ = {isa = PBXFileReference; explicitFileType = wrapper.application; includeInIndex = 0; path = YSAudioEngine.app; sourceTree = BUILT_PRODUCTS_DIR; };
		B07CA28418BE5F5300304116 /* Foundation.framework */ = {isa = PBXFileReference; lastKnownFileType = wrapper.framework; name = Foundation.framework; path = System/Library/Frameworks/Foundation.framework; sourceTree = SDKROOT; };
		B07CA28618BE5F5300304116 /* CoreGraphics.framework */ = {isa = PBXFileReference; lastKnownFileType = wrapper.framework; name = CoreGraphics.framework; path = System/Library/Frameworks/CoreGraphics.framework; sourceTree = SDKROOT; };
		B07CA28818BE5F5300304116 /* UIKit.framework */ = {isa = PBXFileReference; lastKnownFileType = wrapper.framework; name = UIKit.framework; path = System/Library/Frameworks/UIKit.framework; sourceTree = SDKROOT; };
		B07CA28C18BE5F5300304116 /* YSAudioEngine-Info.plist */ = {isa = PBXFileReference; lastKnownFileType = text.plist.xml; path = "YSAudioEngine-Info.plist"; sourceTree = "<group>"; };
		B07CA28E18BE5F5300304116 /* en */ = {isa = PBXFileReference; lastKnownFileType = text.plist.strings; name = en; path = en.lproj/InfoPlist.strings; sourceTree = "<group>"; };
		B07CA29018BE5F5300304116 /* main.m */ = {isa = PBXFileReference; lastKnownFileType = sourcecode.c.objc; path = main.m; sourceTree = "<group>"; };
		B07CA29218BE5F5300304116 /* YSAudioEngine-Prefix.pch */ = {isa = PBXFileReference; lastKnownFileType = sourcecode.c.h; path = "YSAudioEngine-Prefix.pch"; sourceTree = "<group>"; };
		B07CA29318BE5F5300304116 /* YSAppDelegate.h */ = {isa = PBXFileReference; lastKnownFileType = sourcecode.c.h; path = YSAppDelegate.h; sourceTree = "<group>"; };
		B07CA29418BE5F5300304116 /* YSAppDelegate.m */ = {isa = PBXFileReference; lastKnownFileType = sourcecode.c.objc; path = YSAppDelegate.m; sourceTree = "<group>"; };
		B07CA29718BE5F5300304116 /* Base */ = {isa = PBXFileReference; lastKnownFileType = file.storyboard; name = Base; path = Base.lproj/Main_iPhone.storyboard; sourceTree = "<group>"; };
		B07CA29A18BE5F5300304116 /* Base */ = {isa = PBXFileReference; lastKnownFileType = file.storyboard; name = Base; path = Base.lproj/Main_iPad.storyboard; sourceTree = "<group>"; };
		B07CA29C18BE5F5300304116 /* YSViewController.h */ = {isa = PBXFileReference; lastKnownFileType = sourcecode.c.h; path = YSViewController.h; sourceTree = "<group>"; };
		B07CA29D18BE5F5300304116 /* YSViewController.m */ = {isa = PBXFileReference; lastKnownFileType = sourcecode.c.objc; path = YSViewController.m; sourceTree = "<group>"; };
		B07CA29F18BE5F5300304116 /* Images.xcassets */ = {isa = PBXFileReference; lastKnownFileType = folder.assetcatalog; path = Images.xcassets; sourceTree = "<group>"; };
		B07CA2A518BE5F5300304116 /* YSAudioEngineTests.xctest */ = {isa = PBXFileReference; explicitFileType = wrapper.cfbundle; includeInIndex = 0; path = YSAudioEngineTests.xctest; sourceTree = BUILT_PRODUCTS_DIR; };
		B07CA2A618BE5F5300304116 /* XCTest.framework */ = {isa = PBXFileReference; lastKnownFileType = wrapper.framework; name = XCTest.framework; path = Library/Frameworks/XCTest.framework; sourceTree = DEVELOPER_DIR; };
		B07CA2AE18BE5F5300304116 /* YSAudioEngineTests-Info.plist */ = {isa = PBXFileReference; lastKnownFileType = text.plist.xml; path = "YSAudioEngineTests-Info.plist"; sourceTree = "<group>"; };
		B07CA2B018BE5F5300304116 /* en */ = {isa = PBXFileReference; lastKnownFileType = text.plist.strings; name = en; path = en.lproj/InfoPlist.strings; sourceTree = "<group>"; };
		B07CA2B218BE5F5300304116 /* YSAudioEngineTests.m */ = {isa = PBXFileReference; lastKnownFileType = sourcecode.c.objc; path = YSAudioEngineTests.m; sourceTree = "<group>"; };
		B07CA2BC18BE5F7000304116 /* YSIotaSE.h */ = {isa = PBXFileReference; fileEncoding = 4; lastKnownFileType = sourcecode.c.h; name = YSIotaSE.h; path = ../YSIotaSE.h; sourceTree = "<group>"; };
		B07CA2BD18BE5F7000304116 /* YSIotaSE.m */ = {isa = PBXFileReference; fileEncoding = 4; lastKnownFileType = sourcecode.c.objc; name = YSIotaSE.m; path = ../YSIotaSE.m; sourceTree = "<group>"; };
		B07CA2BF18BE5F7C00304116 /* AVFoundation.framework */ = {isa = PBXFileReference; lastKnownFileType = wrapper.framework; name = AVFoundation.framework; path = System/Library/Frameworks/AVFoundation.framework; sourceTree = SDKROOT; };
		B099E77518C0158E002E5F82 /* 100Points__dly.mp3 */ = {isa = PBXFileReference; lastKnownFileType = audio.mp3; path = 100Points__dly.mp3; sourceTree = "<group>"; };
		B099E77618C0158E002E5F82 /* 25Points__dly.mp3 */ = {isa = PBXFileReference; lastKnownFileType = audio.mp3; path = 25Points__dly.mp3; sourceTree = "<group>"; };
		B099E77718C0158E002E5F82 /* 50Points__dly.mp3 */ = {isa = PBXFileReference; lastKnownFileType = audio.mp3; path = 50Points__dly.mp3; sourceTree = "<group>"; };
		B099E77818C0158E002E5F82 /* 5Points__dly.mp3 */ = {isa = PBXFileReference; lastKnownFileType = audio.mp3; path = 5Points__dly.mp3; sourceTree = "<group>"; };
		B099E77918C0158E002E5F82 /* PowerUp_dly.mp3 */ = {isa = PBXFileReference; lastKnownFileType = audio.mp3; path = PowerUp_dly.mp3; sourceTree = "<group>"; };
		B099E77F18C01660002E5F82 /* Loose_.mp3 */ = {isa = PBXFileReference; lastKnownFileType = audio.mp3; path = Loose_.mp3; sourceTree = "<group>"; };
		B09DEFB618BFC83A00AA1901 /* A2_dly.mp3 */ = {isa = PBXFileReference; lastKnownFileType = audio.mp3; path = A2_dly.mp3; sourceTree = "<group>"; };
		B09DEFB718BFC83A00AA1901 /* A3_dly.mp3 */ = {isa = PBXFileReference; lastKnownFileType = audio.mp3; path = A3_dly.mp3; sourceTree = "<group>"; };
		B09DEFB818BFC83A00AA1901 /* A4_dly.mp3 */ = {isa = PBXFileReference; lastKnownFileType = audio.mp3; path = A4_dly.mp3; sourceTree = "<group>"; };
		B09DEFB918BFC83A00AA1901 /* A5_dly.mp3 */ = {isa = PBXFileReference; lastKnownFileType = audio.mp3; path = A5_dly.mp3; sourceTree = "<group>"; };
		B09DEFBA18BFC83A00AA1901 /* A6_dly.mp3 */ = {isa = PBXFileReference; lastKnownFileType = audio.mp3; path = A6_dly.mp3; sourceTree = "<group>"; };
		B09DEFBB18BFC83A00AA1901 /* B2_dly.mp3 */ = {isa = PBXFileReference; lastKnownFileType = audio.mp3; path = B2_dly.mp3; sourceTree = "<group>"; };
		B09DEFBC18BFC83A00AA1901 /* B3_dly.mp3 */ = {isa = PBXFileReference; lastKnownFileType = audio.mp3; path = B3_dly.mp3; sourceTree = "<group>"; };
		B09DEFBD18BFC83A00AA1901 /* B4_dly.mp3 */ = {isa = PBXFileReference; lastKnownFileType = audio.mp3; path = B4_dly.mp3; sourceTree = "<group>"; };
		B09DEFBE18BFC83A00AA1901 /* B5_dly.mp3 */ = {isa = PBXFileReference; lastKnownFileType = audio.mp3; path = B5_dly.mp3; sourceTree = "<group>"; };
		B09DEFBF18BFC83A00AA1901 /* B6_dly.mp3 */ = {isa = PBXFileReference; lastKnownFileType = audio.mp3; path = B6_dly.mp3; sourceTree = "<group>"; };
		B09DEFC018BFC83A00AA1901 /* C2_dly.mp3 */ = {isa = PBXFileReference; lastKnownFileType = audio.mp3; path = C2_dly.mp3; sourceTree = "<group>"; };
		B09DEFC118BFC83A00AA1901 /* C3_dly.mp3 */ = {isa = PBXFileReference; lastKnownFileType = audio.mp3; path = C3_dly.mp3; sourceTree = "<group>"; };
		B09DEFC218BFC83A00AA1901 /* C4_dly.mp3 */ = {isa = PBXFileReference; lastKnownFileType = audio.mp3; path = C4_dly.mp3; sourceTree = "<group>"; };
		B09DEFC318BFC83A00AA1901 /* C5_dly.mp3 */ = {isa = PBXFileReference; lastKnownFileType = audio.mp3; path = C5_dly.mp3; sourceTree = "<group>"; };
		B09DEFC418BFC83A00AA1901 /* C6_dly.mp3 */ = {isa = PBXFileReference; lastKnownFileType = audio.mp3; path = C6_dly.mp3; sourceTree = "<group>"; };
		B09DEFC518BFC83A00AA1901 /* C7_dly.mp3 */ = {isa = PBXFileReference; lastKnownFileType = audio.mp3; path = C7_dly.mp3; sourceTree = "<group>"; };
		B09DEFC618BFC83A00AA1901 /* D2_dly.mp3 */ = {isa = PBXFileReference; lastKnownFileType = audio.mp3; path = D2_dly.mp3; sourceTree = "<group>"; };
		B09DEFC718BFC83A00AA1901 /* D3_dly.mp3 */ = {isa = PBXFileReference; lastKnownFileType = audio.mp3; path = D3_dly.mp3; sourceTree = "<group>"; };
		B09DEFC818BFC83A00AA1901 /* D4_dly.mp3 */ = {isa = PBXFileReference; lastKnownFileType = audio.mp3; path = D4_dly.mp3; sourceTree = "<group>"; };
		B09DEFC918BFC83A00AA1901 /* D5_dly.mp3 */ = {isa = PBXFileReference; lastKnownFileType = audio.mp3; path = D5_dly.mp3; sourceTree = "<group>"; };
		B09DEFCA18BFC83A00AA1901 /* D6_dly.mp3 */ = {isa = PBXFileReference; lastKnownFileType = audio.mp3; path = D6_dly.mp3; sourceTree = "<group>"; };
		B09DEFCB18BFC83A00AA1901 /* E2_dly.mp3 */ = {isa = PBXFileReference; lastKnownFileType = audio.mp3; path = E2_dly.mp3; sourceTree = "<group>"; };
		B09DEFCC18BFC83A00AA1901 /* E3_dly.mp3 */ = {isa = PBXFileReference; lastKnownFileType = audio.mp3; path = E3_dly.mp3; sourceTree = "<group>"; };
		B09DEFCD18BFC83A00AA1901 /* E4_dly.mp3 */ = {isa = PBXFileReference; lastKnownFileType = audio.mp3; path = E4_dly.mp3; sourceTree = "<group>"; };
		B09DEFCE18BFC83A00AA1901 /* E5_dly.mp3 */ = {isa = PBXFileReference; lastKnownFileType = audio.mp3; path = E5_dly.mp3; sourceTree = "<group>"; };
		B09DEFCF18BFC83A00AA1901 /* E6_dly.mp3 */ = {isa = PBXFileReference; lastKnownFileType = audio.mp3; path = E6_dly.mp3; sourceTree = "<group>"; };
		B09DEFD018BFC83A00AA1901 /* F2_dly.mp3 */ = {isa = PBXFileReference; lastKnownFileType = audio.mp3; path = F2_dly.mp3; sourceTree = "<group>"; };
		B09DEFD118BFC83A00AA1901 /* F3_dly.mp3 */ = {isa = PBXFileReference; lastKnownFileType = audio.mp3; path = F3_dly.mp3; sourceTree = "<group>"; };
		B09DEFD218BFC83A00AA1901 /* F4_dly.mp3 */ = {isa = PBXFileReference; lastKnownFileType = audio.mp3; path = F4_dly.mp3; sourceTree = "<group>"; };
		B09DEFD318BFC83A00AA1901 /* F5_dly.mp3 */ = {isa = PBXFileReference; lastKnownFileType = audio.mp3; path = F5_dly.mp3; sourceTree = "<group>"; };
		B09DEFD418BFC83A00AA1901 /* F6_dly.mp3 */ = {isa = PBXFileReference; lastKnownFileType = audio.mp3; path = F6_dly.mp3; sourceTree = "<group>"; };
		B09DEFD518BFC83A00AA1901 /* G2_dly.mp3 */ = {isa = PBXFileReference; lastKnownFileType = audio.mp3; path = G2_dly.mp3; sourceTree = "<group>"; };
		B09DEFD618BFC83A00AA1901 /* G3_dly.mp3 */ = {isa = PBXFileReference; lastKnownFileType = audio.mp3; path = G3_dly.mp3; sourceTree = "<group>"; };
		B09DEFD718BFC83A00AA1901 /* G4_dly.mp3 */ = {isa = PBXFileReference; lastKnownFileType = audio.mp3; path = G4_dly.mp3; sourceTree = "<group>"; };
		B09DEFD818BFC83A00AA1901 /* G5_dly.mp3 */ = {isa = PBXFileReference; lastKnownFileType = audio.mp3; path = G5_dly.mp3; sourceTree = "<group>"; };
		B09DEFD918BFC83A00AA1901 /* G6_dly.mp3 */ = {isa = PBXFileReference; lastKnownFileType = audio.mp3; path = G6_dly.mp3; sourceTree = "<group>"; };
/* End PBXFileReference section */

/* Begin PBXFrameworksBuildPhase section */
		B07CA27E18BE5F5300304116 /* Frameworks */ = {
			isa = PBXFrameworksBuildPhase;
			buildActionMask = 2147483647;
			files = (
				B07CA2C018BE5F7C00304116 /* AVFoundation.framework in Frameworks */,
				B07CA28718BE5F5300304116 /* CoreGraphics.framework in Frameworks */,
				B07CA28918BE5F5300304116 /* UIKit.framework in Frameworks */,
				B07CA28518BE5F5300304116 /* Foundation.framework in Frameworks */,
			);
			runOnlyForDeploymentPostprocessing = 0;
		};
		B07CA2A218BE5F5300304116 /* Frameworks */ = {
			isa = PBXFrameworksBuildPhase;
			buildActionMask = 2147483647;
			files = (
				B07CA2A718BE5F5300304116 /* XCTest.framework in Frameworks */,
				B07CA2A918BE5F5300304116 /* UIKit.framework in Frameworks */,
				B07CA2A818BE5F5300304116 /* Foundation.framework in Frameworks */,
			);
			runOnlyForDeploymentPostprocessing = 0;
		};
/* End PBXFrameworksBuildPhase section */

/* Begin PBXGroup section */
		B07CA27818BE5F5300304116 = {
			isa = PBXGroup;
			children = (
				B07CA28A18BE5F5300304116 /* YSAudioEngine */,
				B07CA2AC18BE5F5300304116 /* YSAudioEngineTests */,
				B07CA28318BE5F5300304116 /* Frameworks */,
				B07CA28218BE5F5300304116 /* Products */,
			);
			sourceTree = "<group>";
		};
		B07CA28218BE5F5300304116 /* Products */ = {
			isa = PBXGroup;
			children = (
				B07CA28118BE5F5300304116 /* YSAudioEngine.app */,
				B07CA2A518BE5F5300304116 /* YSAudioEngineTests.xctest */,
			);
			name = Products;
			sourceTree = "<group>";
		};
		B07CA28318BE5F5300304116 /* Frameworks */ = {
			isa = PBXGroup;
			children = (
				B07CA2BF18BE5F7C00304116 /* AVFoundation.framework */,
				B07CA28418BE5F5300304116 /* Foundation.framework */,
				B07CA28618BE5F5300304116 /* CoreGraphics.framework */,
				B07CA28818BE5F5300304116 /* UIKit.framework */,
				B07CA2A618BE5F5300304116 /* XCTest.framework */,
			);
			name = Frameworks;
			sourceTree = "<group>";
		};
		B07CA28A18BE5F5300304116 /* YSAudioEngine */ = {
			isa = PBXGroup;
			children = (
				B07CA2BC18BE5F7000304116 /* YSIotaSE.h */,
				B07CA2BD18BE5F7000304116 /* YSIotaSE.m */,
				B07CA29318BE5F5300304116 /* YSAppDelegate.h */,
				B07CA29418BE5F5300304116 /* YSAppDelegate.m */,
				B07CA29618BE5F5300304116 /* Main_iPhone.storyboard */,
				B07CA29918BE5F5300304116 /* Main_iPad.storyboard */,
				B07CA29C18BE5F5300304116 /* YSViewController.h */,
				B07CA29D18BE5F5300304116 /* YSViewController.m */,
				B07CA29F18BE5F5300304116 /* Images.xcassets */,
				B07CA28B18BE5F5300304116 /* Supporting Files */,
			);
			path = YSAudioEngine;
			sourceTree = "<group>";
		};
		B07CA28B18BE5F5300304116 /* Supporting Files */ = {
			isa = PBXGroup;
			children = (
				B099E77418C0158E002E5F82 /* EventSounds_dly */,
				B09DEFB518BFC83A00AA1901 /* IotaNotesDly2 */,
				B07CA28C18BE5F5300304116 /* YSAudioEngine-Info.plist */,
				B07CA28D18BE5F5300304116 /* InfoPlist.strings */,
				B07CA29018BE5F5300304116 /* main.m */,
				B07CA29218BE5F5300304116 /* YSAudioEngine-Prefix.pch */,
			);
			name = "Supporting Files";
			sourceTree = "<group>";
		};
		B07CA2AC18BE5F5300304116 /* YSAudioEngineTests */ = {
			isa = PBXGroup;
			children = (
				B07CA2B218BE5F5300304116 /* YSAudioEngineTests.m */,
				B07CA2AD18BE5F5300304116 /* Supporting Files */,
			);
			path = YSAudioEngineTests;
			sourceTree = "<group>";
		};
		B07CA2AD18BE5F5300304116 /* Supporting Files */ = {
			isa = PBXGroup;
			children = (
				B07CA2AE18BE5F5300304116 /* YSAudioEngineTests-Info.plist */,
				B07CA2AF18BE5F5300304116 /* InfoPlist.strings */,
			);
			name = "Supporting Files";
			sourceTree = "<group>";
		};
		B099E77418C0158E002E5F82 /* EventSounds_dly */ = {
			isa = PBXGroup;
			children = (
				B0525CC918C04AA700FE292B /* StartGame_.mp3 */,
				B099E77F18C01660002E5F82 /* Loose_.mp3 */,
				B099E77518C0158E002E5F82 /* 100Points__dly.mp3 */,
				B099E77618C0158E002E5F82 /* 25Points__dly.mp3 */,
				B099E77718C0158E002E5F82 /* 50Points__dly.mp3 */,
				B099E77818C0158E002E5F82 /* 5Points__dly.mp3 */,
				B099E77918C0158E002E5F82 /* PowerUp_dly.mp3 */,
			);
			path = EventSounds_dly;
			sourceTree = "<group>";
		};
		B09DEFB518BFC83A00AA1901 /* IotaNotesDly2 */ = {
			isa = PBXGroup;
			children = (
				B09DEFB618BFC83A00AA1901 /* A2_dly.mp3 */,
				B09DEFB718BFC83A00AA1901 /* A3_dly.mp3 */,
				B09DEFB818BFC83A00AA1901 /* A4_dly.mp3 */,
				B09DEFB918BFC83A00AA1901 /* A5_dly.mp3 */,
				B09DEFBA18BFC83A00AA1901 /* A6_dly.mp3 */,
				B09DEFBB18BFC83A00AA1901 /* B2_dly.mp3 */,
				B09DEFBC18BFC83A00AA1901 /* B3_dly.mp3 */,
				B09DEFBD18BFC83A00AA1901 /* B4_dly.mp3 */,
				B09DEFBE18BFC83A00AA1901 /* B5_dly.mp3 */,
				B09DEFBF18BFC83A00AA1901 /* B6_dly.mp3 */,
				B09DEFC018BFC83A00AA1901 /* C2_dly.mp3 */,
				B09DEFC118BFC83A00AA1901 /* C3_dly.mp3 */,
				B09DEFC218BFC83A00AA1901 /* C4_dly.mp3 */,
				B09DEFC318BFC83A00AA1901 /* C5_dly.mp3 */,
				B09DEFC418BFC83A00AA1901 /* C6_dly.mp3 */,
				B09DEFC518BFC83A00AA1901 /* C7_dly.mp3 */,
				B09DEFC618BFC83A00AA1901 /* D2_dly.mp3 */,
				B09DEFC718BFC83A00AA1901 /* D3_dly.mp3 */,
				B09DEFC818BFC83A00AA1901 /* D4_dly.mp3 */,
				B09DEFC918BFC83A00AA1901 /* D5_dly.mp3 */,
				B09DEFCA18BFC83A00AA1901 /* D6_dly.mp3 */,
				B09DEFCB18BFC83A00AA1901 /* E2_dly.mp3 */,
				B09DEFCC18BFC83A00AA1901 /* E3_dly.mp3 */,
				B09DEFCD18BFC83A00AA1901 /* E4_dly.mp3 */,
				B09DEFCE18BFC83A00AA1901 /* E5_dly.mp3 */,
				B09DEFCF18BFC83A00AA1901 /* E6_dly.mp3 */,
				B09DEFD018BFC83A00AA1901 /* F2_dly.mp3 */,
				B09DEFD118BFC83A00AA1901 /* F3_dly.mp3 */,
				B09DEFD218BFC83A00AA1901 /* F4_dly.mp3 */,
				B09DEFD318BFC83A00AA1901 /* F5_dly.mp3 */,
				B09DEFD418BFC83A00AA1901 /* F6_dly.mp3 */,
				B09DEFD518BFC83A00AA1901 /* G2_dly.mp3 */,
				B09DEFD618BFC83A00AA1901 /* G3_dly.mp3 */,
				B09DEFD718BFC83A00AA1901 /* G4_dly.mp3 */,
				B09DEFD818BFC83A00AA1901 /* G5_dly.mp3 */,
				B09DEFD918BFC83A00AA1901 /* G6_dly.mp3 */,
			);
			path = IotaNotesDly2;
			sourceTree = "<group>";
		};
/* End PBXGroup section */

/* Begin PBXNativeTarget section */
		B07CA28018BE5F5300304116 /* YSAudioEngine */ = {
			isa = PBXNativeTarget;
			buildConfigurationList = B07CA2B618BE5F5300304116 /* Build configuration list for PBXNativeTarget "YSAudioEngine" */;
			buildPhases = (
				B07CA27D18BE5F5300304116 /* Sources */,
				B07CA27E18BE5F5300304116 /* Frameworks */,
				B07CA27F18BE5F5300304116 /* Resources */,
			);
			buildRules = (
			);
			dependencies = (
			);
			name = YSAudioEngine;
			productName = YSAudioEngine;
			productReference = B07CA28118BE5F5300304116 /* YSAudioEngine.app */;
			productType = "com.apple.product-type.application";
		};
		B07CA2A418BE5F5300304116 /* YSAudioEngineTests */ = {
			isa = PBXNativeTarget;
			buildConfigurationList = B07CA2B918BE5F5300304116 /* Build configuration list for PBXNativeTarget "YSAudioEngineTests" */;
			buildPhases = (
				B07CA2A118BE5F5300304116 /* Sources */,
				B07CA2A218BE5F5300304116 /* Frameworks */,
				B07CA2A318BE5F5300304116 /* Resources */,
			);
			buildRules = (
			);
			dependencies = (
				B07CA2AB18BE5F5300304116 /* PBXTargetDependency */,
			);
			name = YSAudioEngineTests;
			productName = YSAudioEngineTests;
			productReference = B07CA2A518BE5F5300304116 /* YSAudioEngineTests.xctest */;
			productType = "com.apple.product-type.bundle.unit-test";
		};
/* End PBXNativeTarget section */

/* Begin PBXProject section */
		B07CA27918BE5F5300304116 /* Project object */ = {
			isa = PBXProject;
			attributes = {
				CLASSPREFIX = YS;
				LastUpgradeCheck = 0500;
				ORGANIZATIONNAME = "The 2 Handed Consortium";
				TargetAttributes = {
					B07CA2A418BE5F5300304116 = {
						TestTargetID = B07CA28018BE5F5300304116;
					};
				};
			};
			buildConfigurationList = B07CA27C18BE5F5300304116 /* Build configuration list for PBXProject "YSAudioEngine" */;
			compatibilityVersion = "Xcode 3.2";
			developmentRegion = English;
			hasScannedForEncodings = 0;
			knownRegions = (
				en,
				Base,
			);
			mainGroup = B07CA27818BE5F5300304116;
			productRefGroup = B07CA28218BE5F5300304116 /* Products */;
			projectDirPath = "";
			projectRoot = "";
			targets = (
				B07CA28018BE5F5300304116 /* YSAudioEngine */,
				B07CA2A418BE5F5300304116 /* YSAudioEngineTests */,
			);
		};
/* End PBXProject section */

/* Begin PBXResourcesBuildPhase section */
		B07CA27F18BE5F5300304116 /* Resources */ = {
			isa = PBXResourcesBuildPhase;
			buildActionMask = 2147483647;
			files = (
				B09DEFE218BFC83A00AA1901 /* B5_dly.mp3 in Resources */,
				B09DEFEA18BFC83A00AA1901 /* D2_dly.mp3 in Resources */,
				B09DEFDB18BFC83A00AA1901 /* A3_dly.mp3 in Resources */,
				B09DEFF718BFC83A00AA1901 /* F5_dly.mp3 in Resources */,
				B099E77E18C0158E002E5F82 /* PowerUp_dly.mp3 in Resources */,
				B09DEFE618BFC83A00AA1901 /* C4_dly.mp3 in Resources */,
				B09DEFFD18BFC83A00AA1901 /* G6_dly.mp3 in Resources */,
				B07CA29B18BE5F5300304116 /* Main_iPad.storyboard in Resources */,
				B09DEFDF18BFC83A00AA1901 /* B2_dly.mp3 in Resources */,
				B07CA2A018BE5F5300304116 /* Images.xcassets in Resources */,
				B07CA29818BE5F5300304116 /* Main_iPhone.storyboard in Resources */,
				B09DEFF918BFC83A00AA1901 /* G2_dly.mp3 in Resources */,
				B099E77D18C0158E002E5F82 /* 5Points__dly.mp3 in Resources */,
				B09DEFE518BFC83A00AA1901 /* C3_dly.mp3 in Resources */,
				B09DEFF518BFC83A00AA1901 /* F3_dly.mp3 in Resources */,
				B09DEFF118BFC83A00AA1901 /* E4_dly.mp3 in Resources */,
				B09DEFFB18BFC83A00AA1901 /* G4_dly.mp3 in Resources */,
				B09DEFEF18BFC83A00AA1901 /* E2_dly.mp3 in Resources */,
				B09DEFF318BFC83A00AA1901 /* E6_dly.mp3 in Resources */,
				B099E77A18C0158E002E5F82 /* 100Points__dly.mp3 in Resources */,
				B099E77B18C0158E002E5F82 /* 25Points__dly.mp3 in Resources */,
				B099E78018C01660002E5F82 /* Loose_.mp3 in Resources */,
				B09DEFF418BFC83A00AA1901 /* F2_dly.mp3 in Resources */,
				B09DEFFC18BFC83A00AA1901 /* G5_dly.mp3 in Resources */,
				B09DEFED18BFC83A00AA1901 /* D5_dly.mp3 in Resources */,
				B09DEFE818BFC83A00AA1901 /* C6_dly.mp3 in Resources */,
				B09DEFEE18BFC83A00AA1901 /* D6_dly.mp3 in Resources */,
				B09DEFE718BFC83A00AA1901 /* C5_dly.mp3 in Resources */,
				B09DEFF218BFC83A00AA1901 /* E5_dly.mp3 in Resources */,
				B09DEFFA18BFC83A00AA1901 /* G3_dly.mp3 in Resources */,
				B09DEFEB18BFC83A00AA1901 /* D3_dly.mp3 in Resources */,
				B09DEFF018BFC83A00AA1901 /* E3_dly.mp3 in Resources */,
				B09DEFE918BFC83A00AA1901 /* C7_dly.mp3 in Resources */,
				B09DEFEC18BFC83A00AA1901 /* D4_dly.mp3 in Resources */,
				B09DEFDC18BFC83A00AA1901 /* A4_dly.mp3 in Resources */,
				B0525CCA18C04AA700FE292B /* StartGame_.mp3 in Resources */,
				B099E77C18C0158E002E5F82 /* 50Points__dly.mp3 in Resources */,
				B09DEFE118BFC83A00AA1901 /* B4_dly.mp3 in Resources */,
				B09DEFE018BFC83A00AA1901 /* B3_dly.mp3 in Resources */,
				B09DEFDE18BFC83A00AA1901 /* A6_dly.mp3 in Resources */,
				B09DEFDA18BFC83A00AA1901 /* A2_dly.mp3 in Resources */,
				B09DEFDD18BFC83A00AA1901 /* A5_dly.mp3 in Resources */,
				B09DEFF618BFC83A00AA1901 /* F4_dly.mp3 in Resources */,
				B09DEFF818BFC83A00AA1901 /* F6_dly.mp3 in Resources */,
				B09DEFE418BFC83A00AA1901 /* C2_dly.mp3 in Resources */,
				B09DEFE318BFC83A00AA1901 /* B6_dly.mp3 in Resources */,
				B07CA28F18BE5F5300304116 /* InfoPlist.strings in Resources */,
			);
			runOnlyForDeploymentPostprocessing = 0;
		};
		B07CA2A318BE5F5300304116 /* Resources */ = {
			isa = PBXResourcesBuildPhase;
			buildActionMask = 2147483647;
			files = (
				B07CA2B118BE5F5300304116 /* InfoPlist.strings in Resources */,
			);
			runOnlyForDeploymentPostprocessing = 0;
		};
/* End PBXResourcesBuildPhase section */

/* Begin PBXSourcesBuildPhase section */
		B07CA27D18BE5F5300304116 /* Sources */ = {
			isa = PBXSourcesBuildPhase;
			buildActionMask = 2147483647;
			files = (
				B07CA2BE18BE5F7000304116 /* YSIotaSE.m in Sources */,
				B07CA29E18BE5F5300304116 /* YSViewController.m in Sources */,
				B07CA29518BE5F5300304116 /* YSAppDelegate.m in Sources */,
				B07CA29118BE5F5300304116 /* main.m in Sources */,
			);
			runOnlyForDeploymentPostprocessing = 0;
		};
		B07CA2A118BE5F5300304116 /* Sources */ = {
			isa = PBXSourcesBuildPhase;
			buildActionMask = 2147483647;
			files = (
				B07CA2B318BE5F5300304116 /* YSAudioEngineTests.m in Sources */,
			);
			runOnlyForDeploymentPostprocessing = 0;
		};
/* End PBXSourcesBuildPhase section */

/* Begin PBXTargetDependency section */
		B07CA2AB18BE5F5300304116 /* PBXTargetDependency */ = {
			isa = PBXTargetDependency;
			target = B07CA28018BE5F5300304116 /* YSAudioEngine */;
			targetProxy = B07CA2AA18BE5F5300304116 /* PBXContainerItemProxy */;
		};
/* End PBXTargetDependency section */

/* Begin PBXVariantGroup section */
		B07CA28D18BE5F5300304116 /* InfoPlist.strings */ = {
			isa = PBXVariantGroup;
			children = (
				B07CA28E18BE5F5300304116 /* en */,
			);
			name = InfoPlist.strings;
			sourceTree = "<group>";
		};
		B07CA29618BE5F5300304116 /* Main_iPhone.storyboard */ = {
			isa = PBXVariantGroup;
			children = (
				B07CA29718BE5F5300304116 /* Base */,
			);
			name = Main_iPhone.storyboard;
			sourceTree = "<group>";
		};
		B07CA29918BE5F5300304116 /* Main_iPad.storyboard */ = {
			isa = PBXVariantGroup;
			children = (
				B07CA29A18BE5F5300304116 /* Base */,
			);
			name = Main_iPad.storyboard;
			sourceTree = "<group>";
		};
		B07CA2AF18BE5F5300304116 /* InfoPlist.strings */ = {
			isa = PBXVariantGroup;
			children = (
				B07CA2B018BE5F5300304116 /* en */,
			);
			name = InfoPlist.strings;
			sourceTree = "<group>";
		};
/* End PBXVariantGroup section */

/* Begin XCBuildConfiguration section */
		B07CA2B418BE5F5300304116 /* Debug */ = {
			isa = XCBuildConfiguration;
			buildSettings = {
				ALWAYS_SEARCH_USER_PATHS = NO;
				ARCHS = "$(ARCHS_STANDARD_INCLUDING_64_BIT)";
				CLANG_CXX_LANGUAGE_STANDARD = "gnu++0x";
				CLANG_CXX_LIBRARY = "libc++";
				CLANG_ENABLE_MODULES = YES;
				CLANG_ENABLE_OBJC_ARC = YES;
				CLANG_WARN_BOOL_CONVERSION = YES;
				CLANG_WARN_CONSTANT_CONVERSION = YES;
				CLANG_WARN_DIRECT_OBJC_ISA_USAGE = YES_ERROR;
				CLANG_WARN_EMPTY_BODY = YES;
				CLANG_WARN_ENUM_CONVERSION = YES;
				CLANG_WARN_INT_CONVERSION = YES;
				CLANG_WARN_OBJC_ROOT_CLASS = YES_ERROR;
				CLANG_WARN__DUPLICATE_METHOD_MATCH = YES;
				"CODE_SIGN_IDENTITY[sdk=iphoneos*]" = "iPhone Developer";
				COPY_PHASE_STRIP = NO;
				GCC_C_LANGUAGE_STANDARD = gnu99;
				GCC_DYNAMIC_NO_PIC = NO;
				GCC_OPTIMIZATION_LEVEL = 0;
				GCC_PREPROCESSOR_DEFINITIONS = (
					"DEBUG=1",
					"$(inherited)",
				);
				GCC_SYMBOLS_PRIVATE_EXTERN = NO;
				GCC_WARN_64_TO_32_BIT_CONVERSION = YES;
				GCC_WARN_ABOUT_RETURN_TYPE = YES_ERROR;
				GCC_WARN_UNDECLARED_SELECTOR = YES;
				GCC_WARN_UNINITIALIZED_AUTOS = YES;
				GCC_WARN_UNUSED_FUNCTION = YES;
				GCC_WARN_UNUSED_VARIABLE = YES;
				IPHONEOS_DEPLOYMENT_TARGET = 7.0;
				ONLY_ACTIVE_ARCH = YES;
				SDKROOT = iphoneos;
				TARGETED_DEVICE_FAMILY = "1,2";
			};
			name = Debug;
		};
		B07CA2B518BE5F5300304116 /* Release */ = {
			isa = XCBuildConfiguration;
			buildSettings = {
				ALWAYS_SEARCH_USER_PATHS = NO;
				ARCHS = "$(ARCHS_STANDARD_INCLUDING_64_BIT)";
				CLANG_CXX_LANGUAGE_STANDARD = "gnu++0x";
				CLANG_CXX_LIBRARY = "libc++";
				CLANG_ENABLE_MODULES = YES;
				CLANG_ENABLE_OBJC_ARC = YES;
				CLANG_WARN_BOOL_CONVERSION = YES;
				CLANG_WARN_CONSTANT_CONVERSION = YES;
				CLANG_WARN_DIRECT_OBJC_ISA_USAGE = YES_ERROR;
				CLANG_WARN_EMPTY_BODY = YES;
				CLANG_WARN_ENUM_CONVERSION = YES;
				CLANG_WARN_INT_CONVERSION = YES;
				CLANG_WARN_OBJC_ROOT_CLASS = YES_ERROR;
				CLANG_WARN__DUPLICATE_METHOD_MATCH = YES;
				"CODE_SIGN_IDENTITY[sdk=iphoneos*]" = "iPhone Developer";
				COPY_PHASE_STRIP = YES;
				ENABLE_NS_ASSERTIONS = NO;
				GCC_C_LANGUAGE_STANDARD = gnu99;
				GCC_WARN_64_TO_32_BIT_CONVERSION = YES;
				GCC_WARN_ABOUT_RETURN_TYPE = YES_ERROR;
				GCC_WARN_UNDECLARED_SELECTOR = YES;
				GCC_WARN_UNINITIALIZED_AUTOS = YES;
				GCC_WARN_UNUSED_FUNCTION = YES;
				GCC_WARN_UNUSED_VARIABLE = YES;
				IPHONEOS_DEPLOYMENT_TARGET = 7.0;
				SDKROOT = iphoneos;
				TARGETED_DEVICE_FAMILY = "1,2";
				VALIDATE_PRODUCT = YES;
			};
			name = Release;
		};
		B07CA2B718BE5F5300304116 /* Debug */ = {
			isa = XCBuildConfiguration;
			buildSettings = {
				ASSETCATALOG_COMPILER_APPICON_NAME = AppIcon;
				ASSETCATALOG_COMPILER_LAUNCHIMAGE_NAME = LaunchImage;
				GCC_PRECOMPILE_PREFIX_HEADER = YES;
				GCC_PREFIX_HEADER = "YSAudioEngine/YSAudioEngine-Prefix.pch";
				INFOPLIST_FILE = "YSAudioEngine/YSAudioEngine-Info.plist";
				PRODUCT_NAME = "$(TARGET_NAME)";
				WRAPPER_EXTENSION = app;
			};
			name = Debug;
		};
		B07CA2B818BE5F5300304116 /* Release */ = {
			isa = XCBuildConfiguration;
			buildSettings = {
				ASSETCATALOG_COMPILER_APPICON_NAME = AppIcon;
				ASSETCATALOG_COMPILER_LAUNCHIMAGE_NAME = LaunchImage;
				GCC_PRECOMPILE_PREFIX_HEADER = YES;
				GCC_PREFIX_HEADER = "YSAudioEngine/YSAudioEngine-Prefix.pch";
				INFOPLIST_FILE = "YSAudioEngine/YSAudioEngine-Info.plist";
				PRODUCT_NAME = "$(TARGET_NAME)";
				WRAPPER_EXTENSION = app;
			};
			name = Release;
		};
		B07CA2BA18BE5F5300304116 /* Debug */ = {
			isa = XCBuildConfiguration;
			buildSettings = {
				ARCHS = "$(ARCHS_STANDARD_INCLUDING_64_BIT)";
				BUNDLE_LOADER = "$(BUILT_PRODUCTS_DIR)/YSAudioEngine.app/YSAudioEngine";
				FRAMEWORK_SEARCH_PATHS = (
					"$(SDKROOT)/Developer/Library/Frameworks",
					"$(inherited)",
					"$(DEVELOPER_FRAMEWORKS_DIR)",
				);
				GCC_PRECOMPILE_PREFIX_HEADER = YES;
				GCC_PREFIX_HEADER = "YSAudioEngine/YSAudioEngine-Prefix.pch";
				GCC_PREPROCESSOR_DEFINITIONS = (
					"DEBUG=1",
					"$(inherited)",
				);
				INFOPLIST_FILE = "YSAudioEngineTests/YSAudioEngineTests-Info.plist";
				PRODUCT_NAME = "$(TARGET_NAME)";
				TEST_HOST = "$(BUNDLE_LOADER)";
				WRAPPER_EXTENSION = xctest;
			};
			name = Debug;
		};
		B07CA2BB18BE5F5300304116 /* Release */ = {
			isa = XCBuildConfiguration;
			buildSettings = {
				ARCHS = "$(ARCHS_STANDARD_INCLUDING_64_BIT)";
				BUNDLE_LOADER = "$(BUILT_PRODUCTS_DIR)/YSAudioEngine.app/YSAudioEngine";
				FRAMEWORK_SEARCH_PATHS = (
					"$(SDKROOT)/Developer/Library/Frameworks",
					"$(inherited)",
					"$(DEVELOPER_FRAMEWORKS_DIR)",
				);
				GCC_PRECOMPILE_PREFIX_HEADER = YES;
				GCC_PREFIX_HEADER = "YSAudioEngine/YSAudioEngine-Prefix.pch";
				INFOPLIST_FILE = "YSAudioEngineTests/YSAudioEngineTests-Info.plist";
				PRODUCT_NAME = "$(TARGET_NAME)";
				TEST_HOST = "$(BUNDLE_LOADER)";
				WRAPPER_EXTENSION = xctest;
			};
			name = Release;
		};
/* End XCBuildConfiguration section */

/* Begin XCConfigurationList section */
		B07CA27C18BE5F5300304116 /* Build configuration list for PBXProject "YSAudioEngine" */ = {
			isa = XCConfigurationList;
			buildConfigurations = (
				B07CA2B418BE5F5300304116 /* Debug */,
				B07CA2B518BE5F5300304116 /* Release */,
			);
			defaultConfigurationIsVisible = 0;
			defaultConfigurationName = Release;
		};
		B07CA2B618BE5F5300304116 /* Build configuration list for PBXNativeTarget "YSAudioEngine" */ = {
			isa = XCConfigurationList;
			buildConfigurations = (
				B07CA2B718BE5F5300304116 /* Debug */,
				B07CA2B818BE5F5300304116 /* Release */,
			);
			defaultConfigurationIsVisible = 0;
			defaultConfigurationName = Release;
		};
		B07CA2B918BE5F5300304116 /* Build configuration list for PBXNativeTarget "YSAudioEngineTests" */ = {
			isa = XCConfigurationList;
			buildConfigurations = (
				B07CA2BA18BE5F5300304116 /* Debug */,
				B07CA2BB18BE5F5300304116 /* Release */,
			);
			defaultConfigurationIsVisible = 0;
			defaultConfigurationName = Release;
		};
/* End XCConfigurationList section */
	};
	rootObject = B07CA27918BE5F5300304116 /* Project object */;
}
